
Microsoft Visual Studio Solution File, Format Version 12.00
# Visual Studio Version 17
VisualStudioVersion = 17.0.31903.59
MinimumVisualStudioVersion = 10.0.40219.1
Project("{2150E333-8FDC-42A3-9474-1A3956D46DE8}") = "src", "src", "{827E0CD3-B72D-47B6-A68D-7590B98EB39B}"
EndProject
Project("{2150E333-8FDC-42A3-9474-1A3956D46DE8}") = "API", "API", "{81034408-37C8-1011-444E-4C15C2FADA8E}"
EndProject
Project("{FAE04EC0-301F-11D3-BF4B-00C04F79EFBC}") = "ReserveFlow.Api", "src\API\ReserveFlow.Api\ReserveFlow.Api.csproj", "{37FD43BD-FAC9-4C72-9D23-AE63E3A5E1FE}"
EndProject
Project("{2150E333-8FDC-42A3-9474-1A3956D46DE8}") = "Common", "Common", "{BFF2DF6E-AA54-47C7-211F-79ACCBB4577C}"
EndProject
Project("{FAE04EC0-301F-11D3-BF4B-00C04F79EFBC}") = "ReserveFlow.Common.Application", "src\Common\ReserveFlow.Common.Application\ReserveFlow.Common.Application.csproj", "{6A0986FF-A2CD-4A6C-B950-DD5B8F892AB7}"
EndProject
Project("{FAE04EC0-301F-11D3-BF4B-00C04F79EFBC}") = "ReserveFlow.Common.Domain", "src\Common\ReserveFlow.Common.Domain\ReserveFlow.Common.Domain.csproj", "{B330A83A-056D-4CC3-A42E-F3BA25CEDA0E}"
EndProject
Project("{FAE04EC0-301F-11D3-BF4B-00C04F79EFBC}") = "ReserveFlow.Common.Infrastructure", "src\Common\ReserveFlow.Common.Infrastructure\ReserveFlow.Common.Infrastructure.csproj", "{EE6DDF8A-8EBA-4616-8F9F-3CD11848FAF1}"
EndProject
Project("{FAE04EC0-301F-11D3-BF4B-00C04F79EFBC}") = "ReserveFlow.Common.Presentation", "src\Common\ReserveFlow.Common.Presentation\ReserveFlow.Common.Presentation.csproj", "{8B0EC09C-CEE2-4EB0-9832-79F6365D9208}"
EndProject
Project("{2150E333-8FDC-42A3-9474-1A3956D46DE8}") = "Modules", "Modules", "{EC447DCF-ABFA-6E24-52A5-D7FD48A5C558}"
EndProject
Project("{2150E333-8FDC-42A3-9474-1A3956D46DE8}") = "Bookings", "Bookings", "{65AE5128-DD64-FC8F-0D92-B238F0C5FE5B}"
EndProject
Project("{FAE04EC0-301F-11D3-BF4B-00C04F79EFBC}") = "ReserveFlow.Modules.Bookings.Application", "src\Modules\Bookings\ReserveFlow.Modules.Bookings.Application\ReserveFlow.Modules.Bookings.Application.csproj", "{88861F2D-F940-4909-833C-B2F8E3AF4308}"
EndProject
Project("{FAE04EC0-301F-11D3-BF4B-00C04F79EFBC}") = "ReserveFlow.Modules.Bookings.Domain", "src\Modules\Bookings\ReserveFlow.Modules.Bookings.Domain\ReserveFlow.Modules.Bookings.Domain.csproj", "{F8C66214-885E-4AAA-AB1D-3225A5BDEFC0}"
EndProject
Project("{FAE04EC0-301F-11D3-BF4B-00C04F79EFBC}") = "ReserveFlow.Modules.Bookings.Infrastructure", "src\Modules\Bookings\ReserveFlow.Modules.Bookings.Infrastructure\ReserveFlow.Modules.Bookings.Infrastructure.csproj", "{B181D8CD-38AD-4559-B73E-C9C44233F2BB}"
EndProject
Project("{FAE04EC0-301F-11D3-BF4B-00C04F79EFBC}") = "ReserveFlow.Modules.Bookings.IntegrationEvents", "src\Modules\Bookings\ReserveFlow.Modules.Bookings.IntegrationEvents\ReserveFlow.Modules.Bookings.IntegrationEvents.csproj", "{33E2C5FF-C4CB-447A-94DC-C599C305899D}"
EndProject
Project("{FAE04EC0-301F-11D3-BF4B-00C04F79EFBC}") = "ReserveFlow.Modules.Bookings.Presentation", "src\Modules\Bookings\ReserveFlow.Modules.Bookings.Presentation\ReserveFlow.Modules.Bookings.Presentation.csproj", "{2FBA53D7-4AC4-4AB3-8EEF-FD2E63CABB22}"
EndProject
Project("{2150E333-8FDC-42A3-9474-1A3956D46DE8}") = "Identity", "Identity", "{0EC62A1A-9858-3A60-8A0C-FC9AACFA2EC7}"
EndProject
Project("{FAE04EC0-301F-11D3-BF4B-00C04F79EFBC}") = "ReserveFlow.Modules.Identity.Application", "src\Modules\Identity\ReserveFlow.Modules.Identity.Application\ReserveFlow.Modules.Identity.Application.csproj", "{ACCDED8E-9BB5-4197-884A-B31120CE2E1E}"
EndProject
Project("{FAE04EC0-301F-11D3-BF4B-00C04F79EFBC}") = "ReserveFlow.Modules.Identity.Domain", "src\Modules\Identity\ReserveFlow.Modules.Identity.Domain\ReserveFlow.Modules.Identity.Domain.csproj", "{7A57C360-EE5F-44C3-8285-D981E621AF75}"
EndProject
Project("{FAE04EC0-301F-11D3-BF4B-00C04F79EFBC}") = "ReserveFlow.Modules.Identity.Infrastructure", "src\Modules\Identity\ReserveFlow.Modules.Identity.Infrastructure\ReserveFlow.Modules.Identity.Infrastructure.csproj", "{7BDAEC25-07D8-44C3-9223-6849AA43BD62}"
EndProject
Project("{FAE04EC0-301F-11D3-BF4B-00C04F79EFBC}") = "ReserveFlow.Modules.Identity.IntegrationEvents", "src\Modules\Identity\ReserveFlow.Modules.Identity.IntegrationEvents\ReserveFlow.Modules.Identity.IntegrationEvents.csproj", "{6E28AE1A-966B-4391-874D-DB5B8DB0D241}"
EndProject
Project("{FAE04EC0-301F-11D3-BF4B-00C04F79EFBC}") = "ReserveFlow.Modules.Identity.Presentation", "src\Modules\Identity\ReserveFlow.Modules.Identity.Presentation\ReserveFlow.Modules.Identity.Presentation.csproj", "{E08457D1-1611-470F-B185-292932817D83}"
EndProject
Project("{2150E333-8FDC-42A3-9474-1A3956D46DE8}") = "Tenants", "Tenants", "{F76A4D96-877B-5F50-AF00-5E9467FFFDF0}"
EndProject
Project("{FAE04EC0-301F-11D3-BF4B-00C04F79EFBC}") = "ReserveFlow.Modules.Tenants.Application", "src\Modules\Tenants\ReserveFlow.Modules.Tenants.Application\ReserveFlow.Modules.Tenants.Application.csproj", "{5568AC07-361F-4406-80FF-34F8745D16A3}"
EndProject
Project("{FAE04EC0-301F-11D3-BF4B-00C04F79EFBC}") = "ReserveFlow.Modules.Tenants.Domain", "src\Modules\Tenants\ReserveFlow.Modules.Tenants.Domain\ReserveFlow.Modules.Tenants.Domain.csproj", "{9BF1B04E-21FF-411A-A071-768CE71EBA05}"
EndProject
Project("{FAE04EC0-301F-11D3-BF4B-00C04F79EFBC}") = "ReserveFlow.Modules.Tenants.Infrastructure", "src\Modules\Tenants\ReserveFlow.Modules.Tenants.Infrastructure\ReserveFlow.Modules.Tenants.Infrastructure.csproj", "{EC58476B-9AC0-4D3A-A154-5336FE33C7FE}"
EndProject
Project("{FAE04EC0-301F-11D3-BF4B-00C04F79EFBC}") = "ReserveFlow.Modules.Tenants.IntegrationEvents", "src\Modules\Tenants\ReserveFlow.Modules.Tenants.IntegrationEvents\ReserveFlow.Modules.Tenants.IntegrationEvents.csproj", "{3FF3F749-01A7-41D5-A5A3-7367D7700B59}"
EndProject
Project("{FAE04EC0-301F-11D3-BF4B-00C04F79EFBC}") = "ReserveFlow.Modules.Tenants.Presentation", "src\Modules\Tenants\ReserveFlow.Modules.Tenants.Presentation\ReserveFlow.Modules.Tenants.Presentation.csproj", "{7589E40F-1E28-4D45-BCEF-9877371B7D50}"
EndProject
Project("{2150E333-8FDC-42A3-9474-1A3956D46DE8}") = "test", "test", "{2A1797D9-7193-4945-BCED-454D3ED2FF83}"
EndProject
Project("{FAE04EC0-301F-11D3-BF4B-00C04F79EFBC}") = "ReserveFlow.Backend.SmokeTests", "test\ReserveFlow.Backend.SmokeTests\ReserveFlow.Backend.SmokeTests.csproj", "{24CA4073-2A0C-41A6-A03D-05677DA3B8FE}"
EndProject
Project("{2150E333-8FDC-42A3-9474-1A3956D46DE8}") = "Catalog", "Catalog", "{BF721963-C2CE-4539-936B-9B9AB8DCED9E}"
EndProject
Project("{FAE04EC0-301F-11D3-BF4B-00C04F79EFBC}") = "ReserveFlow.Modules.Catalog.Domain", "src\Modules\Catalog\ReserveFlow.Modules.Catalog.Domain\ReserveFlow.Modules.Catalog.Domain.csproj", "{344FFD3C-6339-4402-9C89-BF39FBABE81C}"
EndProject
Project("{FAE04EC0-301F-11D3-BF4B-00C04F79EFBC}") = "ReserveFlow.Modules.Catalog.Application", "src\Modules\Catalog\ReserveFlow.Modules.Catalog.Application\ReserveFlow.Modules.Catalog.Application.csproj", "{AFD5E2A9-DB1D-4729-AC9F-456C2B510131}"
EndProject
Project("{FAE04EC0-301F-11D3-BF4B-00C04F79EFBC}") = "ReserveFlow.Modules.Catalog.Infrastructure", "src\Modules\Catalog\ReserveFlow.Modules.Catalog.Infrastructure\ReserveFlow.Modules.Catalog.Infrastructure.csproj", "{BB67F0EE-2659-4A5B-B760-7AAF3E844C58}"
EndProject
Project("{FAE04EC0-301F-11D3-BF4B-00C04F79EFBC}") = "ReserveFlow.Modules.Catalog.IntegrationEvents", "src\Modules\Catalog\ReserveFlow.Modules.Catalog.IntegrationEvents\ReserveFlow.Modules.Catalog.IntegrationEvents.csproj", "{A62D9E36-16E2-4AA7-AA52-84C3EA295A47}"
EndProject
Project("{FAE04EC0-301F-11D3-BF4B-00C04F79EFBC}") = "ReserveFlow.Modules.Catalog.Presentation", "src\Modules\Catalog\ReserveFlow.Modules.Catalog.Presentation\ReserveFlow.Modules.Catalog.Presentation.csproj", "{A79742B5-86E7-43D1-982F-A313F45EE104}"
EndProject
Project("{2150E333-8FDC-42A3-9474-1A3956D46DE8}") = "Staffing", "Staffing", "{D5C671D6-D826-46AA-9B7D-63ECEA32CD19}"
EndProject
Project("{FAE04EC0-301F-11D3-BF4B-00C04F79EFBC}") = "ReserveFlow.Modules.Staffing.Domain", "src\Modules\Staffing\ReserveFlow.Modules.Staffing.Domain\ReserveFlow.Modules.Staffing.Domain.csproj", "{3623BB3C-3309-4005-9B8A-F1ACA7E2AD6C}"
EndProject
Project("{FAE04EC0-301F-11D3-BF4B-00C04F79EFBC}") = "ReserveFlow.Modules.Staffing.Application", "src\Modules\Staffing\ReserveFlow.Modules.Staffing.Application\ReserveFlow.Modules.Staffing.Application.csproj", "{514BE6B3-8421-4B27-8BF8-87189EA6C827}"
EndProject
Project("{FAE04EC0-301F-11D3-BF4B-00C04F79EFBC}") = "ReserveFlow.Modules.Staffing.Infrastructure", "src\Modules\Staffing\ReserveFlow.Modules.Staffing.Infrastructure\ReserveFlow.Modules.Staffing.Infrastructure.csproj", "{AEA64647-4CAA-4823-AC10-9D092F5A69D0}"
EndProject
Project("{FAE04EC0-301F-11D3-BF4B-00C04F79EFBC}") = "ReserveFlow.Modules.Staffing.IntegrationEvents", "src\Modules\Staffing\ReserveFlow.Modules.Staffing.IntegrationEvents\ReserveFlow.Modules.Staffing.IntegrationEvents.csproj", "{14CC5A89-1486-41D1-ABFC-EC0FBAFFE479}"
EndProject
Project("{FAE04EC0-301F-11D3-BF4B-00C04F79EFBC}") = "ReserveFlow.Modules.Staffing.Presentation", "src\Modules\Staffing\ReserveFlow.Modules.Staffing.Presentation\ReserveFlow.Modules.Staffing.Presentation.csproj", "{60568966-DF57-4DC0-8D1D-78BC8529AD56}"
EndProject
Project("{2150E333-8FDC-42A3-9474-1A3956D46DE8}") = "Resources", "Resources", "{8D017705-94F5-4565-B0C0-84074FEC4E70}"
EndProject
Project("{FAE04EC0-301F-11D3-BF4B-00C04F79EFBC}") = "ReserveFlow.Modules.Resources.Domain", "src\Modules\Resources\ReserveFlow.Modules.Resources.Domain\ReserveFlow.Modules.Resources.Domain.csproj", "{0F9F3514-4DD6-4B75-BC7E-26F7A7BA4C23}"
EndProject
Project("{FAE04EC0-301F-11D3-BF4B-00C04F79EFBC}") = "ReserveFlow.Modules.Resources.Application", "src\Modules\Resources\ReserveFlow.Modules.Resources.Application\ReserveFlow.Modules.Resources.Application.csproj", "{7338FB1A-ED9B-4E92-9721-7127EEE54137}"
EndProject
Project("{FAE04EC0-301F-11D3-BF4B-00C04F79EFBC}") = "ReserveFlow.Modules.Resources.Infrastructure", "src\Modules\Resources\ReserveFlow.Modules.Resources.Infrastructure\ReserveFlow.Modules.Resources.Infrastructure.csproj", "{07959B9F-8AF3-4048-849E-D44BA20C7D78}"
EndProject
Project("{FAE04EC0-301F-11D3-BF4B-00C04F79EFBC}") = "ReserveFlow.Modules.Resources.IntegrationEvents", "src\Modules\Resources\ReserveFlow.Modules.Resources.IntegrationEvents\ReserveFlow.Modules.Resources.IntegrationEvents.csproj", "{0836B7B1-EB88-4826-AA87-647E07985923}"
EndProject
Project("{FAE04EC0-301F-11D3-BF4B-00C04F79EFBC}") = "ReserveFlow.Modules.Resources.Presentation", "src\Modules\Resources\ReserveFlow.Modules.Resources.Presentation\ReserveFlow.Modules.Resources.Presentation.csproj", "{34CE8DE6-72C6-467D-919A-2BA7D814CF41}"
EndProject
Project("{2150E333-8FDC-42A3-9474-1A3956D46DE8}") = "Scheduling", "Scheduling", "{5C20ADE4-4114-4340-B485-01A3ADE13586}"
EndProject
Project("{FAE04EC0-301F-11D3-BF4B-00C04F79EFBC}") = "ReserveFlow.Modules.Scheduling.Domain", "src\Modules\Scheduling\ReserveFlow.Modules.Scheduling.Domain\ReserveFlow.Modules.Scheduling.Domain.csproj", "{064FB904-23A9-4A02-9B90-FD44617B2853}"
EndProject
Project("{FAE04EC0-301F-11D3-BF4B-00C04F79EFBC}") = "ReserveFlow.Modules.Scheduling.Application", "src\Modules\Scheduling\ReserveFlow.Modules.Scheduling.Application\ReserveFlow.Modules.Scheduling.Application.csproj", "{DC862A2A-D65B-4A24-84EA-2E9372362A1E}"
EndProject
Project("{FAE04EC0-301F-11D3-BF4B-00C04F79EFBC}") = "ReserveFlow.Modules.Scheduling.Infrastructure", "src\Modules\Scheduling\ReserveFlow.Modules.Scheduling.Infrastructure\ReserveFlow.Modules.Scheduling.Infrastructure.csproj", "{B5A7B66C-967E-4EA4-BF16-BBF97F01C345}"
EndProject
Project("{FAE04EC0-301F-11D3-BF4B-00C04F79EFBC}") = "ReserveFlow.Modules.Scheduling.IntegrationEvents", "src\Modules\Scheduling\ReserveFlow.Modules.Scheduling.IntegrationEvents\ReserveFlow.Modules.Scheduling.IntegrationEvents.csproj", "{CA370C94-0C27-4745-992D-9BC878D816E3}"
EndProject
Project("{FAE04EC0-301F-11D3-BF4B-00C04F79EFBC}") = "ReserveFlow.Modules.Scheduling.Presentation", "src\Modules\Scheduling\ReserveFlow.Modules.Scheduling.Presentation\ReserveFlow.Modules.Scheduling.Presentation.csproj", "{51484685-4001-4B07-8E9D-F277F9970828}"
EndProject
Project("{2150E333-8FDC-42A3-9474-1A3956D46DE8}") = "Notifications", "Notifications", "{E90217FE-300B-4243-BCA0-B772683380F0}"
EndProject
Project("{FAE04EC0-301F-11D3-BF4B-00C04F79EFBC}") = "ReserveFlow.Modules.Notifications.Domain", "src\Modules\Notifications\ReserveFlow.Modules.Notifications.Domain\ReserveFlow.Modules.Notifications.Domain.csproj", "{ED2B2232-6540-4DC3-B22F-60F4EEFC03F2}"
EndProject
Project("{FAE04EC0-301F-11D3-BF4B-00C04F79EFBC}") = "ReserveFlow.Modules.Notifications.Application", "src\Modules\Notifications\ReserveFlow.Modules.Notifications.Application\ReserveFlow.Modules.Notifications.Application.csproj", "{D1AB7D2A-6AA8-4F7D-9DF3-07E8071C7E66}"
EndProject
Project("{FAE04EC0-301F-11D3-BF4B-00C04F79EFBC}") = "ReserveFlow.Modules.Notifications.Presentation", "src\Modules\Notifications\ReserveFlow.Modules.Notifications.Presentation\ReserveFlow.Modules.Notifications.Presentation.csproj", "{3FE47C00-9AF2-4E92-85A1-6EE36414DF60}"
EndProject
Project("{FAE04EC0-301F-11D3-BF4B-00C04F79EFBC}") = "ReserveFlow.Modules.Notifications.Infrastructure", "src\Modules\Notifications\ReserveFlow.Modules.Notifications.Infrastructure\ReserveFlow.Modules.Notifications.Infrastructure.csproj", "{31DD62DF-AE75-49F4-B8C7-F5A2CF8D603A}"
EndProject
Project("{FAE04EC0-301F-11D3-BF4B-00C04F79EFBC}") = "ReserveFlow.Modules.Notifications.IntegrationEvents", "src\Modules\Notifications\ReserveFlow.Modules.Notifications.IntegrationEvents\ReserveFlow.Modules.Notifications.IntegrationEvents.csproj", "{9DE3A0F2-5018-43FF-82A0-E0F4955DECC8}"
EndProject
Project("{2150E333-8FDC-42A3-9474-1A3956D46DE8}") = "Audit", "Audit", "{501E805E-5E48-41FD-A969-4F16D8D70060}"
EndProject
Project("{FAE04EC0-301F-11D3-BF4B-00C04F79EFBC}") = "ReserveFlow.Modules.Audit.Domain", "src\Modules\Audit\ReserveFlow.Modules.Audit.Domain\ReserveFlow.Modules.Audit.Domain.csproj", "{5236C2C2-7E19-4BE3-B926-0E78014338C8}"
EndProject
Project("{FAE04EC0-301F-11D3-BF4B-00C04F79EFBC}") = "ReserveFlow.Modules.Audit.Application", "src\Modules\Audit\ReserveFlow.Modules.Audit.Application\ReserveFlow.Modules.Audit.Application.csproj", "{109AC523-E1AB-43FE-AB35-13197E3FC71F}"
EndProject
Project("{FAE04EC0-301F-11D3-BF4B-00C04F79EFBC}") = "ReserveFlow.Modules.Audit.Presentation", "src\Modules\Audit\ReserveFlow.Modules.Audit.Presentation\ReserveFlow.Modules.Audit.Presentation.csproj", "{0107336A-E172-4ADB-931A-C513A3D6D253}"
EndProject
Project("{FAE04EC0-301F-11D3-BF4B-00C04F79EFBC}") = "ReserveFlow.Modules.Audit.Infrastructure", "src\Modules\Audit\ReserveFlow.Modules.Audit.Infrastructure\ReserveFlow.Modules.Audit.Infrastructure.csproj", "{D8994E03-05A2-443E-836F-E02BE5BC97B0}"
EndProject
Project("{FAE04EC0-301F-11D3-BF4B-00C04F79EFBC}") = "ReserveFlow.Modules.Audit.IntegrationEvents", "src\Modules\Audit\ReserveFlow.Modules.Audit.IntegrationEvents\ReserveFlow.Modules.Audit.IntegrationEvents.csproj", "{DF10F57B-D134-4191-8FE4-CF129AF8AD06}"
EndProject
Project("{2150E333-8FDC-42A3-9474-1A3956D46DE8}") = "Reporting", "Reporting", "{C1547435-970B-4E4F-8044-E0CFEED75C18}"
EndProject
Project("{FAE04EC0-301F-11D3-BF4B-00C04F79EFBC}") = "ReserveFlow.Modules.Reporting.Domain", "src\Modules\Reporting\ReserveFlow.Modules.Reporting.Domain\ReserveFlow.Modules.Reporting.Domain.csproj", "{31693A26-3F26-43B2-ABC8-39E6838E5A11}"
EndProject
Project("{FAE04EC0-301F-11D3-BF4B-00C04F79EFBC}") = "ReserveFlow.Modules.Reporting.Application", "src\Modules\Reporting\ReserveFlow.Modules.Reporting.Application\ReserveFlow.Modules.Reporting.Application.csproj", "{E79C5999-9218-41D7-AFAE-887671B0A2A1}"
EndProject
Project("{FAE04EC0-301F-11D3-BF4B-00C04F79EFBC}") = "ReserveFlow.Modules.Reporting.Presentation", "src\Modules\Reporting\ReserveFlow.Modules.Reporting.Presentation\ReserveFlow.Modules.Reporting.Presentation.csproj", "{9E7348BF-D855-4650-9A11-AB0B1D045D95}"
EndProject
Project("{FAE04EC0-301F-11D3-BF4B-00C04F79EFBC}") = "ReserveFlow.Modules.Reporting.Infrastructure", "src\Modules\Reporting\ReserveFlow.Modules.Reporting.Infrastructure\ReserveFlow.Modules.Reporting.Infrastructure.csproj", "{EB081EAB-7D52-4F26-B727-3F7C75D67857}"
EndProject
Project("{FAE04EC0-301F-11D3-BF4B-00C04F79EFBC}") = "ReserveFlow.Modules.Reporting.IntegrationEvents", "src\Modules\Reporting\ReserveFlow.Modules.Reporting.IntegrationEvents\ReserveFlow.Modules.Reporting.IntegrationEvents.csproj", "{BBB333EC-4798-41D8-B385-29C984BB4645}"
EndProject
Project("{2150E333-8FDC-42A3-9474-1A3956D46DE8}") = "Integrations", "Integrations", "{6289E050-6464-48E4-85B2-23325D92BF17}"
EndProject
Project("{FAE04EC0-301F-11D3-BF4B-00C04F79EFBC}") = "ReserveFlow.Modules.Integrations.Domain", "src\Modules\Integrations\ReserveFlow.Modules.Integrations.Domain\ReserveFlow.Modules.Integrations.Domain.csproj", "{E921B7FA-3FE1-4ED7-BBA3-8E513249A625}"
EndProject
Project("{FAE04EC0-301F-11D3-BF4B-00C04F79EFBC}") = "ReserveFlow.Modules.Integrations.Application", "src\Modules\Integrations\ReserveFlow.Modules.Integrations.Application\ReserveFlow.Modules.Integrations.Application.csproj", "{86D1652F-955C-4307-ADAD-4F5F44D3D77E}"
EndProject
Project("{FAE04EC0-301F-11D3-BF4B-00C04F79EFBC}") = "ReserveFlow.Modules.Integrations.Presentation", "src\Modules\Integrations\ReserveFlow.Modules.Integrations.Presentation\ReserveFlow.Modules.Integrations.Presentation.csproj", "{55E3B8BE-576E-44EF-9928-4CAF194AB270}"
EndProject
Project("{FAE04EC0-301F-11D3-BF4B-00C04F79EFBC}") = "ReserveFlow.Modules.Integrations.Infrastructure", "src\Modules\Integrations\ReserveFlow.Modules.Integrations.Infrastructure\ReserveFlow.Modules.Integrations.Infrastructure.csproj", "{6B6416F2-6137-4ACE-AD72-263362B3EE5B}"
EndProject
Project("{FAE04EC0-301F-11D3-BF4B-00C04F79EFBC}") = "ReserveFlow.Modules.Integrations.IntegrationEvents", "src\Modules\Integrations\ReserveFlow.Modules.Integrations.IntegrationEvents\ReserveFlow.Modules.Integrations.IntegrationEvents.csproj", "{1F7AAEE4-458B-48E9-BA6B-6A9EBA77D566}"
EndProject
Global
	GlobalSection(SolutionConfigurationPlatforms) = preSolution
		Debug|Any CPU = Debug|Any CPU
		Debug|x64 = Debug|x64
		Debug|x86 = Debug|x86
		Release|Any CPU = Release|Any CPU
		Release|x64 = Release|x64
		Release|x86 = Release|x86
	EndGlobalSection
	GlobalSection(ProjectConfigurationPlatforms) = postSolution
		{37FD43BD-FAC9-4C72-9D23-AE63E3A5E1FE}.Debug|Any CPU.ActiveCfg = Debug|Any CPU
		{37FD43BD-FAC9-4C72-9D23-AE63E3A5E1FE}.Debug|Any CPU.Build.0 = Debug|Any CPU
		{37FD43BD-FAC9-4C72-9D23-AE63E3A5E1FE}.Debug|x64.ActiveCfg = Debug|Any CPU
		{37FD43BD-FAC9-4C72-9D23-AE63E3A5E1FE}.Debug|x64.Build.0 = Debug|Any CPU
		{37FD43BD-FAC9-4C72-9D23-AE63E3A5E1FE}.Debug|x86.ActiveCfg = Debug|Any CPU
		{37FD43BD-FAC9-4C72-9D23-AE63E3A5E1FE}.Debug|x86.Build.0 = Debug|Any CPU
		{37FD43BD-FAC9-4C72-9D23-AE63E3A5E1FE}.Release|Any CPU.ActiveCfg = Release|Any CPU
		{37FD43BD-FAC9-4C72-9D23-AE63E3A5E1FE}.Release|Any CPU.Build.0 = Release|Any CPU
		{37FD43BD-FAC9-4C72-9D23-AE63E3A5E1FE}.Release|x64.ActiveCfg = Release|Any CPU
		{37FD43BD-FAC9-4C72-9D23-AE63E3A5E1FE}.Release|x64.Build.0 = Release|Any CPU
		{37FD43BD-FAC9-4C72-9D23-AE63E3A5E1FE}.Release|x86.ActiveCfg = Release|Any CPU
		{37FD43BD-FAC9-4C72-9D23-AE63E3A5E1FE}.Release|x86.Build.0 = Release|Any CPU
		{6A0986FF-A2CD-4A6C-B950-DD5B8F892AB7}.Debug|Any CPU.ActiveCfg = Debug|Any CPU
		{6A0986FF-A2CD-4A6C-B950-DD5B8F892AB7}.Debug|Any CPU.Build.0 = Debug|Any CPU
		{6A0986FF-A2CD-4A6C-B950-DD5B8F892AB7}.Debug|x64.ActiveCfg = Debug|Any CPU
		{6A0986FF-A2CD-4A6C-B950-DD5B8F892AB7}.Debug|x64.Build.0 = Debug|Any CPU
		{6A0986FF-A2CD-4A6C-B950-DD5B8F892AB7}.Debug|x86.ActiveCfg = Debug|Any CPU
		{6A0986FF-A2CD-4A6C-B950-DD5B8F892AB7}.Debug|x86.Build.0 = Debug|Any CPU
		{6A0986FF-A2CD-4A6C-B950-DD5B8F892AB7}.Release|Any CPU.ActiveCfg = Release|Any CPU
		{6A0986FF-A2CD-4A6C-B950-DD5B8F892AB7}.Release|Any CPU.Build.0 = Release|Any CPU
		{6A0986FF-A2CD-4A6C-B950-DD5B8F892AB7}.Release|x64.ActiveCfg = Release|Any CPU
		{6A0986FF-A2CD-4A6C-B950-DD5B8F892AB7}.Release|x64.Build.0 = Release|Any CPU
		{6A0986FF-A2CD-4A6C-B950-DD5B8F892AB7}.Release|x86.ActiveCfg = Release|Any CPU
		{6A0986FF-A2CD-4A6C-B950-DD5B8F892AB7}.Release|x86.Build.0 = Release|Any CPU
		{B330A83A-056D-4CC3-A42E-F3BA25CEDA0E}.Debug|Any CPU.ActiveCfg = Debug|Any CPU
		{B330A83A-056D-4CC3-A42E-F3BA25CEDA0E}.Debug|Any CPU.Build.0 = Debug|Any CPU
		{B330A83A-056D-4CC3-A42E-F3BA25CEDA0E}.Debug|x64.ActiveCfg = Debug|Any CPU
		{B330A83A-056D-4CC3-A42E-F3BA25CEDA0E}.Debug|x64.Build.0 = Debug|Any CPU
		{B330A83A-056D-4CC3-A42E-F3BA25CEDA0E}.Debug|x86.ActiveCfg = Debug|Any CPU
		{B330A83A-056D-4CC3-A42E-F3BA25CEDA0E}.Debug|x86.Build.0 = Debug|Any CPU
		{B330A83A-056D-4CC3-A42E-F3BA25CEDA0E}.Release|Any CPU.ActiveCfg = Release|Any CPU
		{B330A83A-056D-4CC3-A42E-F3BA25CEDA0E}.Release|Any CPU.Build.0 = Release|Any CPU
		{B330A83A-056D-4CC3-A42E-F3BA25CEDA0E}.Release|x64.ActiveCfg = Release|Any CPU
		{B330A83A-056D-4CC3-A42E-F3BA25CEDA0E}.Release|x64.Build.0 = Release|Any CPU
		{B330A83A-056D-4CC3-A42E-F3BA25CEDA0E}.Release|x86.ActiveCfg = Release|Any CPU
		{B330A83A-056D-4CC3-A42E-F3BA25CEDA0E}.Release|x86.Build.0 = Release|Any CPU
		{EE6DDF8A-8EBA-4616-8F9F-3CD11848FAF1}.Debug|Any CPU.ActiveCfg = Debug|Any CPU
		{EE6DDF8A-8EBA-4616-8F9F-3CD11848FAF1}.Debug|Any CPU.Build.0 = Debug|Any CPU
		{EE6DDF8A-8EBA-4616-8F9F-3CD11848FAF1}.Debug|x64.ActiveCfg = Debug|Any CPU
		{EE6DDF8A-8EBA-4616-8F9F-3CD11848FAF1}.Debug|x64.Build.0 = Debug|Any CPU
		{EE6DDF8A-8EBA-4616-8F9F-3CD11848FAF1}.Debug|x86.ActiveCfg = Debug|Any CPU
		{EE6DDF8A-8EBA-4616-8F9F-3CD11848FAF1}.Debug|x86.Build.0 = Debug|Any CPU
		{EE6DDF8A-8EBA-4616-8F9F-3CD11848FAF1}.Release|Any CPU.ActiveCfg = Release|Any CPU
		{EE6DDF8A-8EBA-4616-8F9F-3CD11848FAF1}.Release|Any CPU.Build.0 = Release|Any CPU
		{EE6DDF8A-8EBA-4616-8F9F-3CD11848FAF1}.Release|x64.ActiveCfg = Release|Any CPU
		{EE6DDF8A-8EBA-4616-8F9F-3CD11848FAF1}.Release|x64.Build.0 = Release|Any CPU
		{EE6DDF8A-8EBA-4616-8F9F-3CD11848FAF1}.Release|x86.ActiveCfg = Release|Any CPU
		{EE6DDF8A-8EBA-4616-8F9F-3CD11848FAF1}.Release|x86.Build.0 = Release|Any CPU
		{8B0EC09C-CEE2-4EB0-9832-79F6365D9208}.Debug|Any CPU.ActiveCfg = Debug|Any CPU
		{8B0EC09C-CEE2-4EB0-9832-79F6365D9208}.Debug|Any CPU.Build.0 = Debug|Any CPU
		{8B0EC09C-CEE2-4EB0-9832-79F6365D9208}.Debug|x64.ActiveCfg = Debug|Any CPU
		{8B0EC09C-CEE2-4EB0-9832-79F6365D9208}.Debug|x64.Build.0 = Debug|Any CPU
		{8B0EC09C-CEE2-4EB0-9832-79F6365D9208}.Debug|x86.ActiveCfg = Debug|Any CPU
		{8B0EC09C-CEE2-4EB0-9832-79F6365D9208}.Debug|x86.Build.0 = Debug|Any CPU
		{8B0EC09C-CEE2-4EB0-9832-79F6365D9208}.Release|Any CPU.ActiveCfg = Release|Any CPU
		{8B0EC09C-CEE2-4EB0-9832-79F6365D9208}.Release|Any CPU.Build.0 = Release|Any CPU
		{8B0EC09C-CEE2-4EB0-9832-79F6365D9208}.Release|x64.ActiveCfg = Release|Any CPU
		{8B0EC09C-CEE2-4EB0-9832-79F6365D9208}.Release|x64.Build.0 = Release|Any CPU
		{8B0EC09C-CEE2-4EB0-9832-79F6365D9208}.Release|x86.ActiveCfg = Release|Any CPU
		{8B0EC09C-CEE2-4EB0-9832-79F6365D9208}.Release|x86.Build.0 = Release|Any CPU
		{88861F2D-F940-4909-833C-B2F8E3AF4308}.Debug|Any CPU.ActiveCfg = Debug|Any CPU
		{88861F2D-F940-4909-833C-B2F8E3AF4308}.Debug|Any CPU.Build.0 = Debug|Any CPU
		{88861F2D-F940-4909-833C-B2F8E3AF4308}.Debug|x64.ActiveCfg = Debug|Any CPU
		{88861F2D-F940-4909-833C-B2F8E3AF4308}.Debug|x64.Build.0 = Debug|Any CPU
		{88861F2D-F940-4909-833C-B2F8E3AF4308}.Debug|x86.ActiveCfg = Debug|Any CPU
		{88861F2D-F940-4909-833C-B2F8E3AF4308}.Debug|x86.Build.0 = Debug|Any CPU
		{88861F2D-F940-4909-833C-B2F8E3AF4308}.Release|Any CPU.ActiveCfg = Release|Any CPU
		{88861F2D-F940-4909-833C-B2F8E3AF4308}.Release|Any CPU.Build.0 = Release|Any CPU
		{88861F2D-F940-4909-833C-B2F8E3AF4308}.Release|x64.ActiveCfg = Release|Any CPU
		{88861F2D-F940-4909-833C-B2F8E3AF4308}.Release|x64.Build.0 = Release|Any CPU
		{88861F2D-F940-4909-833C-B2F8E3AF4308}.Release|x86.ActiveCfg = Release|Any CPU
		{88861F2D-F940-4909-833C-B2F8E3AF4308}.Release|x86.Build.0 = Release|Any CPU
		{F8C66214-885E-4AAA-AB1D-3225A5BDEFC0}.Debug|Any CPU.ActiveCfg = Debug|Any CPU
		{F8C66214-885E-4AAA-AB1D-3225A5BDEFC0}.Debug|Any CPU.Build.0 = Debug|Any CPU
		{F8C66214-885E-4AAA-AB1D-3225A5BDEFC0}.Debug|x64.ActiveCfg = Debug|Any CPU
		{F8C66214-885E-4AAA-AB1D-3225A5BDEFC0}.Debug|x64.Build.0 = Debug|Any CPU
		{F8C66214-885E-4AAA-AB1D-3225A5BDEFC0}.Debug|x86.ActiveCfg = Debug|Any CPU
		{F8C66214-885E-4AAA-AB1D-3225A5BDEFC0}.Debug|x86.Build.0 = Debug|Any CPU
		{F8C66214-885E-4AAA-AB1D-3225A5BDEFC0}.Release|Any CPU.ActiveCfg = Release|Any CPU
		{F8C66214-885E-4AAA-AB1D-3225A5BDEFC0}.Release|Any CPU.Build.0 = Release|Any CPU
		{F8C66214-885E-4AAA-AB1D-3225A5BDEFC0}.Release|x64.ActiveCfg = Release|Any CPU
		{F8C66214-885E-4AAA-AB1D-3225A5BDEFC0}.Release|x64.Build.0 = Release|Any CPU
		{F8C66214-885E-4AAA-AB1D-3225A5BDEFC0}.Release|x86.ActiveCfg = Release|Any CPU
		{F8C66214-885E-4AAA-AB1D-3225A5BDEFC0}.Release|x86.Build.0 = Release|Any CPU
		{B181D8CD-38AD-4559-B73E-C9C44233F2BB}.Debug|Any CPU.ActiveCfg = Debug|Any CPU
		{B181D8CD-38AD-4559-B73E-C9C44233F2BB}.Debug|Any CPU.Build.0 = Debug|Any CPU
		{B181D8CD-38AD-4559-B73E-C9C44233F2BB}.Debug|x64.ActiveCfg = Debug|Any CPU
		{B181D8CD-38AD-4559-B73E-C9C44233F2BB}.Debug|x64.Build.0 = Debug|Any CPU
		{B181D8CD-38AD-4559-B73E-C9C44233F2BB}.Debug|x86.ActiveCfg = Debug|Any CPU
		{B181D8CD-38AD-4559-B73E-C9C44233F2BB}.Debug|x86.Build.0 = Debug|Any CPU
		{B181D8CD-38AD-4559-B73E-C9C44233F2BB}.Release|Any CPU.ActiveCfg = Release|Any CPU
		{B181D8CD-38AD-4559-B73E-C9C44233F2BB}.Release|Any CPU.Build.0 = Release|Any CPU
		{B181D8CD-38AD-4559-B73E-C9C44233F2BB}.Release|x64.ActiveCfg = Release|Any CPU
		{B181D8CD-38AD-4559-B73E-C9C44233F2BB}.Release|x64.Build.0 = Release|Any CPU
		{B181D8CD-38AD-4559-B73E-C9C44233F2BB}.Release|x86.ActiveCfg = Release|Any CPU
		{B181D8CD-38AD-4559-B73E-C9C44233F2BB}.Release|x86.Build.0 = Release|Any CPU
		{33E2C5FF-C4CB-447A-94DC-C599C305899D}.Debug|Any CPU.ActiveCfg = Debug|Any CPU
		{33E2C5FF-C4CB-447A-94DC-C599C305899D}.Debug|Any CPU.Build.0 = Debug|Any CPU
		{33E2C5FF-C4CB-447A-94DC-C599C305899D}.Debug|x64.ActiveCfg = Debug|Any CPU
		{33E2C5FF-C4CB-447A-94DC-C599C305899D}.Debug|x64.Build.0 = Debug|Any CPU
		{33E2C5FF-C4CB-447A-94DC-C599C305899D}.Debug|x86.ActiveCfg = Debug|Any CPU
		{33E2C5FF-C4CB-447A-94DC-C599C305899D}.Debug|x86.Build.0 = Debug|Any CPU
		{33E2C5FF-C4CB-447A-94DC-C599C305899D}.Release|Any CPU.ActiveCfg = Release|Any CPU
		{33E2C5FF-C4CB-447A-94DC-C599C305899D}.Release|Any CPU.Build.0 = Release|Any CPU
		{33E2C5FF-C4CB-447A-94DC-C599C305899D}.Release|x64.ActiveCfg = Release|Any CPU
		{33E2C5FF-C4CB-447A-94DC-C599C305899D}.Release|x64.Build.0 = Release|Any CPU
		{33E2C5FF-C4CB-447A-94DC-C599C305899D}.Release|x86.ActiveCfg = Release|Any CPU
		{33E2C5FF-C4CB-447A-94DC-C599C305899D}.Release|x86.Build.0 = Release|Any CPU
		{2FBA53D7-4AC4-4AB3-8EEF-FD2E63CABB22}.Debug|Any CPU.ActiveCfg = Debug|Any CPU
		{2FBA53D7-4AC4-4AB3-8EEF-FD2E63CABB22}.Debug|Any CPU.Build.0 = Debug|Any CPU
		{2FBA53D7-4AC4-4AB3-8EEF-FD2E63CABB22}.Debug|x64.ActiveCfg = Debug|Any CPU
		{2FBA53D7-4AC4-4AB3-8EEF-FD2E63CABB22}.Debug|x64.Build.0 = Debug|Any CPU
		{2FBA53D7-4AC4-4AB3-8EEF-FD2E63CABB22}.Debug|x86.ActiveCfg = Debug|Any CPU
		{2FBA53D7-4AC4-4AB3-8EEF-FD2E63CABB22}.Debug|x86.Build.0 = Debug|Any CPU
		{2FBA53D7-4AC4-4AB3-8EEF-FD2E63CABB22}.Release|Any CPU.ActiveCfg = Release|Any CPU
		{2FBA53D7-4AC4-4AB3-8EEF-FD2E63CABB22}.Release|Any CPU.Build.0 = Release|Any CPU
		{2FBA53D7-4AC4-4AB3-8EEF-FD2E63CABB22}.Release|x64.ActiveCfg = Release|Any CPU
		{2FBA53D7-4AC4-4AB3-8EEF-FD2E63CABB22}.Release|x64.Build.0 = Release|Any CPU
		{2FBA53D7-4AC4-4AB3-8EEF-FD2E63CABB22}.Release|x86.ActiveCfg = Release|Any CPU
		{2FBA53D7-4AC4-4AB3-8EEF-FD2E63CABB22}.Release|x86.Build.0 = Release|Any CPU
		{ACCDED8E-9BB5-4197-884A-B31120CE2E1E}.Debug|Any CPU.ActiveCfg = Debug|Any CPU
		{ACCDED8E-9BB5-4197-884A-B31120CE2E1E}.Debug|Any CPU.Build.0 = Debug|Any CPU
		{ACCDED8E-9BB5-4197-884A-B31120CE2E1E}.Debug|x64.ActiveCfg = Debug|Any CPU
		{ACCDED8E-9BB5-4197-884A-B31120CE2E1E}.Debug|x64.Build.0 = Debug|Any CPU
		{ACCDED8E-9BB5-4197-884A-B31120CE2E1E}.Debug|x86.ActiveCfg = Debug|Any CPU
		{ACCDED8E-9BB5-4197-884A-B31120CE2E1E}.Debug|x86.Build.0 = Debug|Any CPU
		{ACCDED8E-9BB5-4197-884A-B31120CE2E1E}.Release|Any CPU.ActiveCfg = Release|Any CPU
		{ACCDED8E-9BB5-4197-884A-B31120CE2E1E}.Release|Any CPU.Build.0 = Release|Any CPU
		{ACCDED8E-9BB5-4197-884A-B31120CE2E1E}.Release|x64.ActiveCfg = Release|Any CPU
		{ACCDED8E-9BB5-4197-884A-B31120CE2E1E}.Release|x64.Build.0 = Release|Any CPU
		{ACCDED8E-9BB5-4197-884A-B31120CE2E1E}.Release|x86.ActiveCfg = Release|Any CPU
		{ACCDED8E-9BB5-4197-884A-B31120CE2E1E}.Release|x86.Build.0 = Release|Any CPU
		{7A57C360-EE5F-44C3-8285-D981E621AF75}.Debug|Any CPU.ActiveCfg = Debug|Any CPU
		{7A57C360-EE5F-44C3-8285-D981E621AF75}.Debug|Any CPU.Build.0 = Debug|Any CPU
		{7A57C360-EE5F-44C3-8285-D981E621AF75}.Debug|x64.ActiveCfg = Debug|Any CPU
		{7A57C360-EE5F-44C3-8285-D981E621AF75}.Debug|x64.Build.0 = Debug|Any CPU
		{7A57C360-EE5F-44C3-8285-D981E621AF75}.Debug|x86.ActiveCfg = Debug|Any CPU
		{7A57C360-EE5F-44C3-8285-D981E621AF75}.Debug|x86.Build.0 = Debug|Any CPU
		{7A57C360-EE5F-44C3-8285-D981E621AF75}.Release|Any CPU.ActiveCfg = Release|Any CPU
		{7A57C360-EE5F-44C3-8285-D981E621AF75}.Release|Any CPU.Build.0 = Release|Any CPU
		{7A57C360-EE5F-44C3-8285-D981E621AF75}.Release|x64.ActiveCfg = Release|Any CPU
		{7A57C360-EE5F-44C3-8285-D981E621AF75}.Release|x64.Build.0 = Release|Any CPU
		{7A57C360-EE5F-44C3-8285-D981E621AF75}.Release|x86.ActiveCfg = Release|Any CPU
		{7A57C360-EE5F-44C3-8285-D981E621AF75}.Release|x86.Build.0 = Release|Any CPU
		{7BDAEC25-07D8-44C3-9223-6849AA43BD62}.Debug|Any CPU.ActiveCfg = Debug|Any CPU
		{7BDAEC25-07D8-44C3-9223-6849AA43BD62}.Debug|Any CPU.Build.0 = Debug|Any CPU
		{7BDAEC25-07D8-44C3-9223-6849AA43BD62}.Debug|x64.ActiveCfg = Debug|Any CPU
		{7BDAEC25-07D8-44C3-9223-6849AA43BD62}.Debug|x64.Build.0 = Debug|Any CPU
		{7BDAEC25-07D8-44C3-9223-6849AA43BD62}.Debug|x86.ActiveCfg = Debug|Any CPU
		{7BDAEC25-07D8-44C3-9223-6849AA43BD62}.Debug|x86.Build.0 = Debug|Any CPU
		{7BDAEC25-07D8-44C3-9223-6849AA43BD62}.Release|Any CPU.ActiveCfg = Release|Any CPU
		{7BDAEC25-07D8-44C3-9223-6849AA43BD62}.Release|Any CPU.Build.0 = Release|Any CPU
		{7BDAEC25-07D8-44C3-9223-6849AA43BD62}.Release|x64.ActiveCfg = Release|Any CPU
		{7BDAEC25-07D8-44C3-9223-6849AA43BD62}.Release|x64.Build.0 = Release|Any CPU
		{7BDAEC25-07D8-44C3-9223-6849AA43BD62}.Release|x86.ActiveCfg = Release|Any CPU
		{7BDAEC25-07D8-44C3-9223-6849AA43BD62}.Release|x86.Build.0 = Release|Any CPU
		{6E28AE1A-966B-4391-874D-DB5B8DB0D241}.Debug|Any CPU.ActiveCfg = Debug|Any CPU
		{6E28AE1A-966B-4391-874D-DB5B8DB0D241}.Debug|Any CPU.Build.0 = Debug|Any CPU
		{6E28AE1A-966B-4391-874D-DB5B8DB0D241}.Debug|x64.ActiveCfg = Debug|Any CPU
		{6E28AE1A-966B-4391-874D-DB5B8DB0D241}.Debug|x64.Build.0 = Debug|Any CPU
		{6E28AE1A-966B-4391-874D-DB5B8DB0D241}.Debug|x86.ActiveCfg = Debug|Any CPU
		{6E28AE1A-966B-4391-874D-DB5B8DB0D241}.Debug|x86.Build.0 = Debug|Any CPU
		{6E28AE1A-966B-4391-874D-DB5B8DB0D241}.Release|Any CPU.ActiveCfg = Release|Any CPU
		{6E28AE1A-966B-4391-874D-DB5B8DB0D241}.Release|Any CPU.Build.0 = Release|Any CPU
		{6E28AE1A-966B-4391-874D-DB5B8DB0D241}.Release|x64.ActiveCfg = Release|Any CPU
		{6E28AE1A-966B-4391-874D-DB5B8DB0D241}.Release|x64.Build.0 = Release|Any CPU
		{6E28AE1A-966B-4391-874D-DB5B8DB0D241}.Release|x86.ActiveCfg = Release|Any CPU
		{6E28AE1A-966B-4391-874D-DB5B8DB0D241}.Release|x86.Build.0 = Release|Any CPU
		{E08457D1-1611-470F-B185-292932817D83}.Debug|Any CPU.ActiveCfg = Debug|Any CPU
		{E08457D1-1611-470F-B185-292932817D83}.Debug|Any CPU.Build.0 = Debug|Any CPU
		{E08457D1-1611-470F-B185-292932817D83}.Debug|x64.ActiveCfg = Debug|Any CPU
		{E08457D1-1611-470F-B185-292932817D83}.Debug|x64.Build.0 = Debug|Any CPU
		{E08457D1-1611-470F-B185-292932817D83}.Debug|x86.ActiveCfg = Debug|Any CPU
		{E08457D1-1611-470F-B185-292932817D83}.Debug|x86.Build.0 = Debug|Any CPU
		{E08457D1-1611-470F-B185-292932817D83}.Release|Any CPU.ActiveCfg = Release|Any CPU
		{E08457D1-1611-470F-B185-292932817D83}.Release|Any CPU.Build.0 = Release|Any CPU
		{E08457D1-1611-470F-B185-292932817D83}.Release|x64.ActiveCfg = Release|Any CPU
		{E08457D1-1611-470F-B185-292932817D83}.Release|x64.Build.0 = Release|Any CPU
		{E08457D1-1611-470F-B185-292932817D83}.Release|x86.ActiveCfg = Release|Any CPU
		{E08457D1-1611-470F-B185-292932817D83}.Release|x86.Build.0 = Release|Any CPU
		{5568AC07-361F-4406-80FF-34F8745D16A3}.Debug|Any CPU.ActiveCfg = Debug|Any CPU
		{5568AC07-361F-4406-80FF-34F8745D16A3}.Debug|Any CPU.Build.0 = Debug|Any CPU
		{5568AC07-361F-4406-80FF-34F8745D16A3}.Debug|x64.ActiveCfg = Debug|Any CPU
		{5568AC07-361F-4406-80FF-34F8745D16A3}.Debug|x64.Build.0 = Debug|Any CPU
		{5568AC07-361F-4406-80FF-34F8745D16A3}.Debug|x86.ActiveCfg = Debug|Any CPU
		{5568AC07-361F-4406-80FF-34F8745D16A3}.Debug|x86.Build.0 = Debug|Any CPU
		{5568AC07-361F-4406-80FF-34F8745D16A3}.Release|Any CPU.ActiveCfg = Release|Any CPU
		{5568AC07-361F-4406-80FF-34F8745D16A3}.Release|Any CPU.Build.0 = Release|Any CPU
		{5568AC07-361F-4406-80FF-34F8745D16A3}.Release|x64.ActiveCfg = Release|Any CPU
		{5568AC07-361F-4406-80FF-34F8745D16A3}.Release|x64.Build.0 = Release|Any CPU
		{5568AC07-361F-4406-80FF-34F8745D16A3}.Release|x86.ActiveCfg = Release|Any CPU
		{5568AC07-361F-4406-80FF-34F8745D16A3}.Release|x86.Build.0 = Release|Any CPU
		{9BF1B04E-21FF-411A-A071-768CE71EBA05}.Debug|Any CPU.ActiveCfg = Debug|Any CPU
		{9BF1B04E-21FF-411A-A071-768CE71EBA05}.Debug|Any CPU.Build.0 = Debug|Any CPU
		{9BF1B04E-21FF-411A-A071-768CE71EBA05}.Debug|x64.ActiveCfg = Debug|Any CPU
		{9BF1B04E-21FF-411A-A071-768CE71EBA05}.Debug|x64.Build.0 = Debug|Any CPU
		{9BF1B04E-21FF-411A-A071-768CE71EBA05}.Debug|x86.ActiveCfg = Debug|Any CPU
		{9BF1B04E-21FF-411A-A071-768CE71EBA05}.Debug|x86.Build.0 = Debug|Any CPU
		{9BF1B04E-21FF-411A-A071-768CE71EBA05}.Release|Any CPU.ActiveCfg = Release|Any CPU
		{9BF1B04E-21FF-411A-A071-768CE71EBA05}.Release|Any CPU.Build.0 = Release|Any CPU
		{9BF1B04E-21FF-411A-A071-768CE71EBA05}.Release|x64.ActiveCfg = Release|Any CPU
		{9BF1B04E-21FF-411A-A071-768CE71EBA05}.Release|x64.Build.0 = Release|Any CPU
		{9BF1B04E-21FF-411A-A071-768CE71EBA05}.Release|x86.ActiveCfg = Release|Any CPU
		{9BF1B04E-21FF-411A-A071-768CE71EBA05}.Release|x86.Build.0 = Release|Any CPU
		{EC58476B-9AC0-4D3A-A154-5336FE33C7FE}.Debug|Any CPU.ActiveCfg = Debug|Any CPU
		{EC58476B-9AC0-4D3A-A154-5336FE33C7FE}.Debug|Any CPU.Build.0 = Debug|Any CPU
		{EC58476B-9AC0-4D3A-A154-5336FE33C7FE}.Debug|x64.ActiveCfg = Debug|Any CPU
		{EC58476B-9AC0-4D3A-A154-5336FE33C7FE}.Debug|x64.Build.0 = Debug|Any CPU
		{EC58476B-9AC0-4D3A-A154-5336FE33C7FE}.Debug|x86.ActiveCfg = Debug|Any CPU
		{EC58476B-9AC0-4D3A-A154-5336FE33C7FE}.Debug|x86.Build.0 = Debug|Any CPU
		{EC58476B-9AC0-4D3A-A154-5336FE33C7FE}.Release|Any CPU.ActiveCfg = Release|Any CPU
		{EC58476B-9AC0-4D3A-A154-5336FE33C7FE}.Release|Any CPU.Build.0 = Release|Any CPU
		{EC58476B-9AC0-4D3A-A154-5336FE33C7FE}.Release|x64.ActiveCfg = Release|Any CPU
		{EC58476B-9AC0-4D3A-A154-5336FE33C7FE}.Release|x64.Build.0 = Release|Any CPU
		{EC58476B-9AC0-4D3A-A154-5336FE33C7FE}.Release|x86.ActiveCfg = Release|Any CPU
		{EC58476B-9AC0-4D3A-A154-5336FE33C7FE}.Release|x86.Build.0 = Release|Any CPU
		{3FF3F749-01A7-41D5-A5A3-7367D7700B59}.Debug|Any CPU.ActiveCfg = Debug|Any CPU
		{3FF3F749-01A7-41D5-A5A3-7367D7700B59}.Debug|Any CPU.Build.0 = Debug|Any CPU
		{3FF3F749-01A7-41D5-A5A3-7367D7700B59}.Debug|x64.ActiveCfg = Debug|Any CPU
		{3FF3F749-01A7-41D5-A5A3-7367D7700B59}.Debug|x64.Build.0 = Debug|Any CPU
		{3FF3F749-01A7-41D5-A5A3-7367D7700B59}.Debug|x86.ActiveCfg = Debug|Any CPU
		{3FF3F749-01A7-41D5-A5A3-7367D7700B59}.Debug|x86.Build.0 = Debug|Any CPU
		{3FF3F749-01A7-41D5-A5A3-7367D7700B59}.Release|Any CPU.ActiveCfg = Release|Any CPU
		{3FF3F749-01A7-41D5-A5A3-7367D7700B59}.Release|Any CPU.Build.0 = Release|Any CPU
		{3FF3F749-01A7-41D5-A5A3-7367D7700B59}.Release|x64.ActiveCfg = Release|Any CPU
		{3FF3F749-01A7-41D5-A5A3-7367D7700B59}.Release|x64.Build.0 = Release|Any CPU
		{3FF3F749-01A7-41D5-A5A3-7367D7700B59}.Release|x86.ActiveCfg = Release|Any CPU
		{3FF3F749-01A7-41D5-A5A3-7367D7700B59}.Release|x86.Build.0 = Release|Any CPU
		{7589E40F-1E28-4D45-BCEF-9877371B7D50}.Debug|Any CPU.ActiveCfg = Debug|Any CPU
		{7589E40F-1E28-4D45-BCEF-9877371B7D50}.Debug|Any CPU.Build.0 = Debug|Any CPU
		{7589E40F-1E28-4D45-BCEF-9877371B7D50}.Debug|x64.ActiveCfg = Debug|Any CPU
		{7589E40F-1E28-4D45-BCEF-9877371B7D50}.Debug|x64.Build.0 = Debug|Any CPU
		{7589E40F-1E28-4D45-BCEF-9877371B7D50}.Debug|x86.ActiveCfg = Debug|Any CPU
		{7589E40F-1E28-4D45-BCEF-9877371B7D50}.Debug|x86.Build.0 = Debug|Any CPU
		{7589E40F-1E28-4D45-BCEF-9877371B7D50}.Release|Any CPU.ActiveCfg = Release|Any CPU
		{7589E40F-1E28-4D45-BCEF-9877371B7D50}.Release|Any CPU.Build.0 = Release|Any CPU
		{7589E40F-1E28-4D45-BCEF-9877371B7D50}.Release|x64.ActiveCfg = Release|Any CPU
		{7589E40F-1E28-4D45-BCEF-9877371B7D50}.Release|x64.Build.0 = Release|Any CPU
		{7589E40F-1E28-4D45-BCEF-9877371B7D50}.Release|x86.ActiveCfg = Release|Any CPU
		{7589E40F-1E28-4D45-BCEF-9877371B7D50}.Release|x86.Build.0 = Release|Any CPU
		{24CA4073-2A0C-41A6-A03D-05677DA3B8FE}.Debug|Any CPU.ActiveCfg = Debug|Any CPU
		{24CA4073-2A0C-41A6-A03D-05677DA3B8FE}.Debug|Any CPU.Build.0 = Debug|Any CPU
		{24CA4073-2A0C-41A6-A03D-05677DA3B8FE}.Debug|x64.ActiveCfg = Debug|Any CPU
		{24CA4073-2A0C-41A6-A03D-05677DA3B8FE}.Debug|x64.Build.0 = Debug|Any CPU
		{24CA4073-2A0C-41A6-A03D-05677DA3B8FE}.Debug|x86.ActiveCfg = Debug|Any CPU
		{24CA4073-2A0C-41A6-A03D-05677DA3B8FE}.Debug|x86.Build.0 = Debug|Any CPU
		{24CA4073-2A0C-41A6-A03D-05677DA3B8FE}.Release|Any CPU.ActiveCfg = Release|Any CPU
		{24CA4073-2A0C-41A6-A03D-05677DA3B8FE}.Release|Any CPU.Build.0 = Release|Any CPU
		{24CA4073-2A0C-41A6-A03D-05677DA3B8FE}.Release|x64.ActiveCfg = Release|Any CPU
		{24CA4073-2A0C-41A6-A03D-05677DA3B8FE}.Release|x64.Build.0 = Release|Any CPU
		{24CA4073-2A0C-41A6-A03D-05677DA3B8FE}.Release|x86.ActiveCfg = Release|Any CPU
		{24CA4073-2A0C-41A6-A03D-05677DA3B8FE}.Release|x86.Build.0 = Release|Any CPU
		{344FFD3C-6339-4402-9C89-BF39FBABE81C}.Debug|Any CPU.ActiveCfg = Debug|Any CPU
		{344FFD3C-6339-4402-9C89-BF39FBABE81C}.Debug|Any CPU.Build.0 = Debug|Any CPU
		{344FFD3C-6339-4402-9C89-BF39FBABE81C}.Debug|x64.ActiveCfg = Debug|Any CPU
		{344FFD3C-6339-4402-9C89-BF39FBABE81C}.Debug|x64.Build.0 = Debug|Any CPU
		{344FFD3C-6339-4402-9C89-BF39FBABE81C}.Debug|x86.ActiveCfg = Debug|Any CPU
		{344FFD3C-6339-4402-9C89-BF39FBABE81C}.Debug|x86.Build.0 = Debug|Any CPU
		{344FFD3C-6339-4402-9C89-BF39FBABE81C}.Release|Any CPU.ActiveCfg = Release|Any CPU
		{344FFD3C-6339-4402-9C89-BF39FBABE81C}.Release|Any CPU.Build.0 = Release|Any CPU
		{344FFD3C-6339-4402-9C89-BF39FBABE81C}.Release|x64.ActiveCfg = Release|Any CPU
		{344FFD3C-6339-4402-9C89-BF39FBABE81C}.Release|x64.Build.0 = Release|Any CPU
		{344FFD3C-6339-4402-9C89-BF39FBABE81C}.Release|x86.ActiveCfg = Release|Any CPU
		{344FFD3C-6339-4402-9C89-BF39FBABE81C}.Release|x86.Build.0 = Release|Any CPU
		{AFD5E2A9-DB1D-4729-AC9F-456C2B510131}.Debug|Any CPU.ActiveCfg = Debug|Any CPU
		{AFD5E2A9-DB1D-4729-AC9F-456C2B510131}.Debug|Any CPU.Build.0 = Debug|Any CPU
		{AFD5E2A9-DB1D-4729-AC9F-456C2B510131}.Debug|x64.ActiveCfg = Debug|Any CPU
		{AFD5E2A9-DB1D-4729-AC9F-456C2B510131}.Debug|x64.Build.0 = Debug|Any CPU
		{AFD5E2A9-DB1D-4729-AC9F-456C2B510131}.Debug|x86.ActiveCfg = Debug|Any CPU
		{AFD5E2A9-DB1D-4729-AC9F-456C2B510131}.Debug|x86.Build.0 = Debug|Any CPU
		{AFD5E2A9-DB1D-4729-AC9F-456C2B510131}.Release|Any CPU.ActiveCfg = Release|Any CPU
		{AFD5E2A9-DB1D-4729-AC9F-456C2B510131}.Release|Any CPU.Build.0 = Release|Any CPU
		{AFD5E2A9-DB1D-4729-AC9F-456C2B510131}.Release|x64.ActiveCfg = Release|Any CPU
		{AFD5E2A9-DB1D-4729-AC9F-456C2B510131}.Release|x64.Build.0 = Release|Any CPU
		{AFD5E2A9-DB1D-4729-AC9F-456C2B510131}.Release|x86.ActiveCfg = Release|Any CPU
		{AFD5E2A9-DB1D-4729-AC9F-456C2B510131}.Release|x86.Build.0 = Release|Any CPU
		{BB67F0EE-2659-4A5B-B760-7AAF3E844C58}.Debug|Any CPU.ActiveCfg = Debug|Any CPU
		{BB67F0EE-2659-4A5B-B760-7AAF3E844C58}.Debug|Any CPU.Build.0 = Debug|Any CPU
		{BB67F0EE-2659-4A5B-B760-7AAF3E844C58}.Debug|x64.ActiveCfg = Debug|Any CPU
		{BB67F0EE-2659-4A5B-B760-7AAF3E844C58}.Debug|x64.Build.0 = Debug|Any CPU
		{BB67F0EE-2659-4A5B-B760-7AAF3E844C58}.Debug|x86.ActiveCfg = Debug|Any CPU
		{BB67F0EE-2659-4A5B-B760-7AAF3E844C58}.Debug|x86.Build.0 = Debug|Any CPU
		{BB67F0EE-2659-4A5B-B760-7AAF3E844C58}.Release|Any CPU.ActiveCfg = Release|Any CPU
		{BB67F0EE-2659-4A5B-B760-7AAF3E844C58}.Release|Any CPU.Build.0 = Release|Any CPU
		{BB67F0EE-2659-4A5B-B760-7AAF3E844C58}.Release|x64.ActiveCfg = Release|Any CPU
		{BB67F0EE-2659-4A5B-B760-7AAF3E844C58}.Release|x64.Build.0 = Release|Any CPU
		{BB67F0EE-2659-4A5B-B760-7AAF3E844C58}.Release|x86.ActiveCfg = Release|Any CPU
		{BB67F0EE-2659-4A5B-B760-7AAF3E844C58}.Release|x86.Build.0 = Release|Any CPU
		{A62D9E36-16E2-4AA7-AA52-84C3EA295A47}.Debug|Any CPU.ActiveCfg = Debug|Any CPU
		{A62D9E36-16E2-4AA7-AA52-84C3EA295A47}.Debug|Any CPU.Build.0 = Debug|Any CPU
		{A62D9E36-16E2-4AA7-AA52-84C3EA295A47}.Debug|x64.ActiveCfg = Debug|Any CPU
		{A62D9E36-16E2-4AA7-AA52-84C3EA295A47}.Debug|x64.Build.0 = Debug|Any CPU
		{A62D9E36-16E2-4AA7-AA52-84C3EA295A47}.Debug|x86.ActiveCfg = Debug|Any CPU
		{A62D9E36-16E2-4AA7-AA52-84C3EA295A47}.Debug|x86.Build.0 = Debug|Any CPU
		{A62D9E36-16E2-4AA7-AA52-84C3EA295A47}.Release|Any CPU.ActiveCfg = Release|Any CPU
		{A62D9E36-16E2-4AA7-AA52-84C3EA295A47}.Release|Any CPU.Build.0 = Release|Any CPU
		{A62D9E36-16E2-4AA7-AA52-84C3EA295A47}.Release|x64.ActiveCfg = Release|Any CPU
		{A62D9E36-16E2-4AA7-AA52-84C3EA295A47}.Release|x64.Build.0 = Release|Any CPU
		{A62D9E36-16E2-4AA7-AA52-84C3EA295A47}.Release|x86.ActiveCfg = Release|Any CPU
		{A62D9E36-16E2-4AA7-AA52-84C3EA295A47}.Release|x86.Build.0 = Release|Any CPU
		{A79742B5-86E7-43D1-982F-A313F45EE104}.Debug|Any CPU.ActiveCfg = Debug|Any CPU
		{A79742B5-86E7-43D1-982F-A313F45EE104}.Debug|Any CPU.Build.0 = Debug|Any CPU
		{A79742B5-86E7-43D1-982F-A313F45EE104}.Debug|x64.ActiveCfg = Debug|Any CPU
		{A79742B5-86E7-43D1-982F-A313F45EE104}.Debug|x64.Build.0 = Debug|Any CPU
		{A79742B5-86E7-43D1-982F-A313F45EE104}.Debug|x86.ActiveCfg = Debug|Any CPU
		{A79742B5-86E7-43D1-982F-A313F45EE104}.Debug|x86.Build.0 = Debug|Any CPU
		{A79742B5-86E7-43D1-982F-A313F45EE104}.Release|Any CPU.ActiveCfg = Release|Any CPU
		{A79742B5-86E7-43D1-982F-A313F45EE104}.Release|Any CPU.Build.0 = Release|Any CPU
		{A79742B5-86E7-43D1-982F-A313F45EE104}.Release|x64.ActiveCfg = Release|Any CPU
		{A79742B5-86E7-43D1-982F-A313F45EE104}.Release|x64.Build.0 = Release|Any CPU
		{A79742B5-86E7-43D1-982F-A313F45EE104}.Release|x86.ActiveCfg = Release|Any CPU
		{A79742B5-86E7-43D1-982F-A313F45EE104}.Release|x86.Build.0 = Release|Any CPU
		{3623BB3C-3309-4005-9B8A-F1ACA7E2AD6C}.Debug|Any CPU.ActiveCfg = Debug|Any CPU
		{3623BB3C-3309-4005-9B8A-F1ACA7E2AD6C}.Debug|Any CPU.Build.0 = Debug|Any CPU
		{3623BB3C-3309-4005-9B8A-F1ACA7E2AD6C}.Debug|x64.ActiveCfg = Debug|Any CPU
		{3623BB3C-3309-4005-9B8A-F1ACA7E2AD6C}.Debug|x64.Build.0 = Debug|Any CPU
		{3623BB3C-3309-4005-9B8A-F1ACA7E2AD6C}.Debug|x86.ActiveCfg = Debug|Any CPU
		{3623BB3C-3309-4005-9B8A-F1ACA7E2AD6C}.Debug|x86.Build.0 = Debug|Any CPU
		{3623BB3C-3309-4005-9B8A-F1ACA7E2AD6C}.Release|Any CPU.ActiveCfg = Release|Any CPU
		{3623BB3C-3309-4005-9B8A-F1ACA7E2AD6C}.Release|Any CPU.Build.0 = Release|Any CPU
		{3623BB3C-3309-4005-9B8A-F1ACA7E2AD6C}.Release|x64.ActiveCfg = Release|Any CPU
		{3623BB3C-3309-4005-9B8A-F1ACA7E2AD6C}.Release|x64.Build.0 = Release|Any CPU
		{3623BB3C-3309-4005-9B8A-F1ACA7E2AD6C}.Release|x86.ActiveCfg = Release|Any CPU
		{3623BB3C-3309-4005-9B8A-F1ACA7E2AD6C}.Release|x86.Build.0 = Release|Any CPU
		{514BE6B3-8421-4B27-8BF8-87189EA6C827}.Debug|Any CPU.ActiveCfg = Debug|Any CPU
		{514BE6B3-8421-4B27-8BF8-87189EA6C827}.Debug|Any CPU.Build.0 = Debug|Any CPU
		{514BE6B3-8421-4B27-8BF8-87189EA6C827}.Debug|x64.ActiveCfg = Debug|Any CPU
		{514BE6B3-8421-4B27-8BF8-87189EA6C827}.Debug|x64.Build.0 = Debug|Any CPU
		{514BE6B3-8421-4B27-8BF8-87189EA6C827}.Debug|x86.ActiveCfg = Debug|Any CPU
		{514BE6B3-8421-4B27-8BF8-87189EA6C827}.Debug|x86.Build.0 = Debug|Any CPU
		{514BE6B3-8421-4B27-8BF8-87189EA6C827}.Release|Any CPU.ActiveCfg = Release|Any CPU
		{514BE6B3-8421-4B27-8BF8-87189EA6C827}.Release|Any CPU.Build.0 = Release|Any CPU
		{514BE6B3-8421-4B27-8BF8-87189EA6C827}.Release|x64.ActiveCfg = Release|Any CPU
		{514BE6B3-8421-4B27-8BF8-87189EA6C827}.Release|x64.Build.0 = Release|Any CPU
		{514BE6B3-8421-4B27-8BF8-87189EA6C827}.Release|x86.ActiveCfg = Release|Any CPU
		{514BE6B3-8421-4B27-8BF8-87189EA6C827}.Release|x86.Build.0 = Release|Any CPU
		{AEA64647-4CAA-4823-AC10-9D092F5A69D0}.Debug|Any CPU.ActiveCfg = Debug|Any CPU
		{AEA64647-4CAA-4823-AC10-9D092F5A69D0}.Debug|Any CPU.Build.0 = Debug|Any CPU
		{AEA64647-4CAA-4823-AC10-9D092F5A69D0}.Debug|x64.ActiveCfg = Debug|Any CPU
		{AEA64647-4CAA-4823-AC10-9D092F5A69D0}.Debug|x64.Build.0 = Debug|Any CPU
		{AEA64647-4CAA-4823-AC10-9D092F5A69D0}.Debug|x86.ActiveCfg = Debug|Any CPU
		{AEA64647-4CAA-4823-AC10-9D092F5A69D0}.Debug|x86.Build.0 = Debug|Any CPU
		{AEA64647-4CAA-4823-AC10-9D092F5A69D0}.Release|Any CPU.ActiveCfg = Release|Any CPU
		{AEA64647-4CAA-4823-AC10-9D092F5A69D0}.Release|Any CPU.Build.0 = Release|Any CPU
		{AEA64647-4CAA-4823-AC10-9D092F5A69D0}.Release|x64.ActiveCfg = Release|Any CPU
		{AEA64647-4CAA-4823-AC10-9D092F5A69D0}.Release|x64.Build.0 = Release|Any CPU
		{AEA64647-4CAA-4823-AC10-9D092F5A69D0}.Release|x86.ActiveCfg = Release|Any CPU
		{AEA64647-4CAA-4823-AC10-9D092F5A69D0}.Release|x86.Build.0 = Release|Any CPU
		{14CC5A89-1486-41D1-ABFC-EC0FBAFFE479}.Debug|Any CPU.ActiveCfg = Debug|Any CPU
		{14CC5A89-1486-41D1-ABFC-EC0FBAFFE479}.Debug|Any CPU.Build.0 = Debug|Any CPU
		{14CC5A89-1486-41D1-ABFC-EC0FBAFFE479}.Debug|x64.ActiveCfg = Debug|Any CPU
		{14CC5A89-1486-41D1-ABFC-EC0FBAFFE479}.Debug|x64.Build.0 = Debug|Any CPU
		{14CC5A89-1486-41D1-ABFC-EC0FBAFFE479}.Debug|x86.ActiveCfg = Debug|Any CPU
		{14CC5A89-1486-41D1-ABFC-EC0FBAFFE479}.Debug|x86.Build.0 = Debug|Any CPU
		{14CC5A89-1486-41D1-ABFC-EC0FBAFFE479}.Release|Any CPU.ActiveCfg = Release|Any CPU
		{14CC5A89-1486-41D1-ABFC-EC0FBAFFE479}.Release|Any CPU.Build.0 = Release|Any CPU
		{14CC5A89-1486-41D1-ABFC-EC0FBAFFE479}.Release|x64.ActiveCfg = Release|Any CPU
		{14CC5A89-1486-41D1-ABFC-EC0FBAFFE479}.Release|x64.Build.0 = Release|Any CPU
		{14CC5A89-1486-41D1-ABFC-EC0FBAFFE479}.Release|x86.ActiveCfg = Release|Any CPU
		{14CC5A89-1486-41D1-ABFC-EC0FBAFFE479}.Release|x86.Build.0 = Release|Any CPU
		{60568966-DF57-4DC0-8D1D-78BC8529AD56}.Debug|Any CPU.ActiveCfg = Debug|Any CPU
		{60568966-DF57-4DC0-8D1D-78BC8529AD56}.Debug|Any CPU.Build.0 = Debug|Any CPU
		{60568966-DF57-4DC0-8D1D-78BC8529AD56}.Debug|x64.ActiveCfg = Debug|Any CPU
		{60568966-DF57-4DC0-8D1D-78BC8529AD56}.Debug|x64.Build.0 = Debug|Any CPU
		{60568966-DF57-4DC0-8D1D-78BC8529AD56}.Debug|x86.ActiveCfg = Debug|Any CPU
		{60568966-DF57-4DC0-8D1D-78BC8529AD56}.Debug|x86.Build.0 = Debug|Any CPU
		{60568966-DF57-4DC0-8D1D-78BC8529AD56}.Release|Any CPU.ActiveCfg = Release|Any CPU
		{60568966-DF57-4DC0-8D1D-78BC8529AD56}.Release|Any CPU.Build.0 = Release|Any CPU
		{60568966-DF57-4DC0-8D1D-78BC8529AD56}.Release|x64.ActiveCfg = Release|Any CPU
		{60568966-DF57-4DC0-8D1D-78BC8529AD56}.Release|x64.Build.0 = Release|Any CPU
		{60568966-DF57-4DC0-8D1D-78BC8529AD56}.Release|x86.ActiveCfg = Release|Any CPU
		{60568966-DF57-4DC0-8D1D-78BC8529AD56}.Release|x86.Build.0 = Release|Any CPU
		{0F9F3514-4DD6-4B75-BC7E-26F7A7BA4C23}.Debug|Any CPU.ActiveCfg = Debug|Any CPU
		{0F9F3514-4DD6-4B75-BC7E-26F7A7BA4C23}.Debug|Any CPU.Build.0 = Debug|Any CPU
		{0F9F3514-4DD6-4B75-BC7E-26F7A7BA4C23}.Debug|x64.ActiveCfg = Debug|Any CPU
		{0F9F3514-4DD6-4B75-BC7E-26F7A7BA4C23}.Debug|x64.Build.0 = Debug|Any CPU
		{0F9F3514-4DD6-4B75-BC7E-26F7A7BA4C23}.Debug|x86.ActiveCfg = Debug|Any CPU
		{0F9F3514-4DD6-4B75-BC7E-26F7A7BA4C23}.Debug|x86.Build.0 = Debug|Any CPU
		{0F9F3514-4DD6-4B75-BC7E-26F7A7BA4C23}.Release|Any CPU.ActiveCfg = Release|Any CPU
		{0F9F3514-4DD6-4B75-BC7E-26F7A7BA4C23}.Release|Any CPU.Build.0 = Release|Any CPU
		{0F9F3514-4DD6-4B75-BC7E-26F7A7BA4C23}.Release|x64.ActiveCfg = Release|Any CPU
		{0F9F3514-4DD6-4B75-BC7E-26F7A7BA4C23}.Release|x64.Build.0 = Release|Any CPU
		{0F9F3514-4DD6-4B75-BC7E-26F7A7BA4C23}.Release|x86.ActiveCfg = Release|Any CPU
		{0F9F3514-4DD6-4B75-BC7E-26F7A7BA4C23}.Release|x86.Build.0 = Release|Any CPU
		{7338FB1A-ED9B-4E92-9721-7127EEE54137}.Debug|Any CPU.ActiveCfg = Debug|Any CPU
		{7338FB1A-ED9B-4E92-9721-7127EEE54137}.Debug|Any CPU.Build.0 = Debug|Any CPU
		{7338FB1A-ED9B-4E92-9721-7127EEE54137}.Debug|x64.ActiveCfg = Debug|Any CPU
		{7338FB1A-ED9B-4E92-9721-7127EEE54137}.Debug|x64.Build.0 = Debug|Any CPU
		{7338FB1A-ED9B-4E92-9721-7127EEE54137}.Debug|x86.ActiveCfg = Debug|Any CPU
		{7338FB1A-ED9B-4E92-9721-7127EEE54137}.Debug|x86.Build.0 = Debug|Any CPU
		{7338FB1A-ED9B-4E92-9721-7127EEE54137}.Release|Any CPU.ActiveCfg = Release|Any CPU
		{7338FB1A-ED9B-4E92-9721-7127EEE54137}.Release|Any CPU.Build.0 = Release|Any CPU
		{7338FB1A-ED9B-4E92-9721-7127EEE54137}.Release|x64.ActiveCfg = Release|Any CPU
		{7338FB1A-ED9B-4E92-9721-7127EEE54137}.Release|x64.Build.0 = Release|Any CPU
		{7338FB1A-ED9B-4E92-9721-7127EEE54137}.Release|x86.ActiveCfg = Release|Any CPU
		{7338FB1A-ED9B-4E92-9721-7127EEE54137}.Release|x86.Build.0 = Release|Any CPU
		{07959B9F-8AF3-4048-849E-D44BA20C7D78}.Debug|Any CPU.ActiveCfg = Debug|Any CPU
		{07959B9F-8AF3-4048-849E-D44BA20C7D78}.Debug|Any CPU.Build.0 = Debug|Any CPU
		{07959B9F-8AF3-4048-849E-D44BA20C7D78}.Debug|x64.ActiveCfg = Debug|Any CPU
		{07959B9F-8AF3-4048-849E-D44BA20C7D78}.Debug|x64.Build.0 = Debug|Any CPU
		{07959B9F-8AF3-4048-849E-D44BA20C7D78}.Debug|x86.ActiveCfg = Debug|Any CPU
		{07959B9F-8AF3-4048-849E-D44BA20C7D78}.Debug|x86.Build.0 = Debug|Any CPU
		{07959B9F-8AF3-4048-849E-D44BA20C7D78}.Release|Any CPU.ActiveCfg = Release|Any CPU
		{07959B9F-8AF3-4048-849E-D44BA20C7D78}.Release|Any CPU.Build.0 = Release|Any CPU
		{07959B9F-8AF3-4048-849E-D44BA20C7D78}.Release|x64.ActiveCfg = Release|Any CPU
		{07959B9F-8AF3-4048-849E-D44BA20C7D78}.Release|x64.Build.0 = Release|Any CPU
		{07959B9F-8AF3-4048-849E-D44BA20C7D78}.Release|x86.ActiveCfg = Release|Any CPU
		{07959B9F-8AF3-4048-849E-D44BA20C7D78}.Release|x86.Build.0 = Release|Any CPU
		{0836B7B1-EB88-4826-AA87-647E07985923}.Debug|Any CPU.ActiveCfg = Debug|Any CPU
		{0836B7B1-EB88-4826-AA87-647E07985923}.Debug|Any CPU.Build.0 = Debug|Any CPU
		{0836B7B1-EB88-4826-AA87-647E07985923}.Debug|x64.ActiveCfg = Debug|Any CPU
		{0836B7B1-EB88-4826-AA87-647E07985923}.Debug|x64.Build.0 = Debug|Any CPU
		{0836B7B1-EB88-4826-AA87-647E07985923}.Debug|x86.ActiveCfg = Debug|Any CPU
		{0836B7B1-EB88-4826-AA87-647E07985923}.Debug|x86.Build.0 = Debug|Any CPU
		{0836B7B1-EB88-4826-AA87-647E07985923}.Release|Any CPU.ActiveCfg = Release|Any CPU
		{0836B7B1-EB88-4826-AA87-647E07985923}.Release|Any CPU.Build.0 = Release|Any CPU
		{0836B7B1-EB88-4826-AA87-647E07985923}.Release|x64.ActiveCfg = Release|Any CPU
		{0836B7B1-EB88-4826-AA87-647E07985923}.Release|x64.Build.0 = Release|Any CPU
		{0836B7B1-EB88-4826-AA87-647E07985923}.Release|x86.ActiveCfg = Release|Any CPU
		{0836B7B1-EB88-4826-AA87-647E07985923}.Release|x86.Build.0 = Release|Any CPU
		{34CE8DE6-72C6-467D-919A-2BA7D814CF41}.Debug|Any CPU.ActiveCfg = Debug|Any CPU
		{34CE8DE6-72C6-467D-919A-2BA7D814CF41}.Debug|Any CPU.Build.0 = Debug|Any CPU
		{34CE8DE6-72C6-467D-919A-2BA7D814CF41}.Debug|x64.ActiveCfg = Debug|Any CPU
		{34CE8DE6-72C6-467D-919A-2BA7D814CF41}.Debug|x64.Build.0 = Debug|Any CPU
		{34CE8DE6-72C6-467D-919A-2BA7D814CF41}.Debug|x86.ActiveCfg = Debug|Any CPU
		{34CE8DE6-72C6-467D-919A-2BA7D814CF41}.Debug|x86.Build.0 = Debug|Any CPU
		{34CE8DE6-72C6-467D-919A-2BA7D814CF41}.Release|Any CPU.ActiveCfg = Release|Any CPU
		{34CE8DE6-72C6-467D-919A-2BA7D814CF41}.Release|Any CPU.Build.0 = Release|Any CPU
		{34CE8DE6-72C6-467D-919A-2BA7D814CF41}.Release|x64.ActiveCfg = Release|Any CPU
		{34CE8DE6-72C6-467D-919A-2BA7D814CF41}.Release|x64.Build.0 = Release|Any CPU
		{34CE8DE6-72C6-467D-919A-2BA7D814CF41}.Release|x86.ActiveCfg = Release|Any CPU
		{34CE8DE6-72C6-467D-919A-2BA7D814CF41}.Release|x86.Build.0 = Release|Any CPU
		{064FB904-23A9-4A02-9B90-FD44617B2853}.Debug|Any CPU.ActiveCfg = Debug|Any CPU
		{064FB904-23A9-4A02-9B90-FD44617B2853}.Debug|Any CPU.Build.0 = Debug|Any CPU
		{064FB904-23A9-4A02-9B90-FD44617B2853}.Debug|x64.ActiveCfg = Debug|Any CPU
		{064FB904-23A9-4A02-9B90-FD44617B2853}.Debug|x64.Build.0 = Debug|Any CPU
		{064FB904-23A9-4A02-9B90-FD44617B2853}.Debug|x86.ActiveCfg = Debug|Any CPU
		{064FB904-23A9-4A02-9B90-FD44617B2853}.Debug|x86.Build.0 = Debug|Any CPU
		{064FB904-23A9-4A02-9B90-FD44617B2853}.Release|Any CPU.ActiveCfg = Release|Any CPU
		{064FB904-23A9-4A02-9B90-FD44617B2853}.Release|Any CPU.Build.0 = Release|Any CPU
		{064FB904-23A9-4A02-9B90-FD44617B2853}.Release|x64.ActiveCfg = Release|Any CPU
		{064FB904-23A9-4A02-9B90-FD44617B2853}.Release|x64.Build.0 = Release|Any CPU
		{064FB904-23A9-4A02-9B90-FD44617B2853}.Release|x86.ActiveCfg = Release|Any CPU
		{064FB904-23A9-4A02-9B90-FD44617B2853}.Release|x86.Build.0 = Release|Any CPU
		{DC862A2A-D65B-4A24-84EA-2E9372362A1E}.Debug|Any CPU.ActiveCfg = Debug|Any CPU
		{DC862A2A-D65B-4A24-84EA-2E9372362A1E}.Debug|Any CPU.Build.0 = Debug|Any CPU
		{DC862A2A-D65B-4A24-84EA-2E9372362A1E}.Debug|x64.ActiveCfg = Debug|Any CPU
		{DC862A2A-D65B-4A24-84EA-2E9372362A1E}.Debug|x64.Build.0 = Debug|Any CPU
		{DC862A2A-D65B-4A24-84EA-2E9372362A1E}.Debug|x86.ActiveCfg = Debug|Any CPU
		{DC862A2A-D65B-4A24-84EA-2E9372362A1E}.Debug|x86.Build.0 = Debug|Any CPU
		{DC862A2A-D65B-4A24-84EA-2E9372362A1E}.Release|Any CPU.ActiveCfg = Release|Any CPU
		{DC862A2A-D65B-4A24-84EA-2E9372362A1E}.Release|Any CPU.Build.0 = Release|Any CPU
		{DC862A2A-D65B-4A24-84EA-2E9372362A1E}.Release|x64.ActiveCfg = Release|Any CPU
		{DC862A2A-D65B-4A24-84EA-2E9372362A1E}.Release|x64.Build.0 = Release|Any CPU
		{DC862A2A-D65B-4A24-84EA-2E9372362A1E}.Release|x86.ActiveCfg = Release|Any CPU
		{DC862A2A-D65B-4A24-84EA-2E9372362A1E}.Release|x86.Build.0 = Release|Any CPU
		{B5A7B66C-967E-4EA4-BF16-BBF97F01C345}.Debug|Any CPU.ActiveCfg = Debug|Any CPU
		{B5A7B66C-967E-4EA4-BF16-BBF97F01C345}.Debug|Any CPU.Build.0 = Debug|Any CPU
		{B5A7B66C-967E-4EA4-BF16-BBF97F01C345}.Debug|x64.ActiveCfg = Debug|Any CPU
		{B5A7B66C-967E-4EA4-BF16-BBF97F01C345}.Debug|x64.Build.0 = Debug|Any CPU
		{B5A7B66C-967E-4EA4-BF16-BBF97F01C345}.Debug|x86.ActiveCfg = Debug|Any CPU
		{B5A7B66C-967E-4EA4-BF16-BBF97F01C345}.Debug|x86.Build.0 = Debug|Any CPU
		{B5A7B66C-967E-4EA4-BF16-BBF97F01C345}.Release|Any CPU.ActiveCfg = Release|Any CPU
		{B5A7B66C-967E-4EA4-BF16-BBF97F01C345}.Release|Any CPU.Build.0 = Release|Any CPU
		{B5A7B66C-967E-4EA4-BF16-BBF97F01C345}.Release|x64.ActiveCfg = Release|Any CPU
		{B5A7B66C-967E-4EA4-BF16-BBF97F01C345}.Release|x64.Build.0 = Release|Any CPU
		{B5A7B66C-967E-4EA4-BF16-BBF97F01C345}.Release|x86.ActiveCfg = Release|Any CPU
		{B5A7B66C-967E-4EA4-BF16-BBF97F01C345}.Release|x86.Build.0 = Release|Any CPU
		{CA370C94-0C27-4745-992D-9BC878D816E3}.Debug|Any CPU.ActiveCfg = Debug|Any CPU
		{CA370C94-0C27-4745-992D-9BC878D816E3}.Debug|Any CPU.Build.0 = Debug|Any CPU
		{CA370C94-0C27-4745-992D-9BC878D816E3}.Debug|x64.ActiveCfg = Debug|Any CPU
		{CA370C94-0C27-4745-992D-9BC878D816E3}.Debug|x64.Build.0 = Debug|Any CPU
		{CA370C94-0C27-4745-992D-9BC878D816E3}.Debug|x86.ActiveCfg = Debug|Any CPU
		{CA370C94-0C27-4745-992D-9BC878D816E3}.Debug|x86.Build.0 = Debug|Any CPU
		{CA370C94-0C27-4745-992D-9BC878D816E3}.Release|Any CPU.ActiveCfg = Release|Any CPU
		{CA370C94-0C27-4745-992D-9BC878D816E3}.Release|Any CPU.Build.0 = Release|Any CPU
		{CA370C94-0C27-4745-992D-9BC878D816E3}.Release|x64.ActiveCfg = Release|Any CPU
		{CA370C94-0C27-4745-992D-9BC878D816E3}.Release|x64.Build.0 = Release|Any CPU
		{CA370C94-0C27-4745-992D-9BC878D816E3}.Release|x86.ActiveCfg = Release|Any CPU
		{CA370C94-0C27-4745-992D-9BC878D816E3}.Release|x86.Build.0 = Release|Any CPU
		{51484685-4001-4B07-8E9D-F277F9970828}.Debug|Any CPU.ActiveCfg = Debug|Any CPU
		{51484685-4001-4B07-8E9D-F277F9970828}.Debug|Any CPU.Build.0 = Debug|Any CPU
		{51484685-4001-4B07-8E9D-F277F9970828}.Debug|x64.ActiveCfg = Debug|Any CPU
		{51484685-4001-4B07-8E9D-F277F9970828}.Debug|x64.Build.0 = Debug|Any CPU
		{51484685-4001-4B07-8E9D-F277F9970828}.Debug|x86.ActiveCfg = Debug|Any CPU
		{51484685-4001-4B07-8E9D-F277F9970828}.Debug|x86.Build.0 = Debug|Any CPU
		{51484685-4001-4B07-8E9D-F277F9970828}.Release|Any CPU.ActiveCfg = Release|Any CPU
		{51484685-4001-4B07-8E9D-F277F9970828}.Release|Any CPU.Build.0 = Release|Any CPU
		{51484685-4001-4B07-8E9D-F277F9970828}.Release|x64.ActiveCfg = Release|Any CPU
		{51484685-4001-4B07-8E9D-F277F9970828}.Release|x64.Build.0 = Release|Any CPU
		{51484685-4001-4B07-8E9D-F277F9970828}.Release|x86.ActiveCfg = Release|Any CPU
		{51484685-4001-4B07-8E9D-F277F9970828}.Release|x86.Build.0 = Release|Any CPU
		{ED2B2232-6540-4DC3-B22F-60F4EEFC03F2}.Debug|Any CPU.ActiveCfg = Debug|Any CPU
		{ED2B2232-6540-4DC3-B22F-60F4EEFC03F2}.Debug|Any CPU.Build.0 = Debug|Any CPU
		{ED2B2232-6540-4DC3-B22F-60F4EEFC03F2}.Debug|x64.ActiveCfg = Debug|Any CPU
		{ED2B2232-6540-4DC3-B22F-60F4EEFC03F2}.Debug|x64.Build.0 = Debug|Any CPU
		{ED2B2232-6540-4DC3-B22F-60F4EEFC03F2}.Debug|x86.ActiveCfg = Debug|Any CPU
		{ED2B2232-6540-4DC3-B22F-60F4EEFC03F2}.Debug|x86.Build.0 = Debug|Any CPU
		{ED2B2232-6540-4DC3-B22F-60F4EEFC03F2}.Release|Any CPU.ActiveCfg = Release|Any CPU
		{ED2B2232-6540-4DC3-B22F-60F4EEFC03F2}.Release|Any CPU.Build.0 = Release|Any CPU
		{ED2B2232-6540-4DC3-B22F-60F4EEFC03F2}.Release|x64.ActiveCfg = Release|Any CPU
		{ED2B2232-6540-4DC3-B22F-60F4EEFC03F2}.Release|x64.Build.0 = Release|Any CPU
		{ED2B2232-6540-4DC3-B22F-60F4EEFC03F2}.Release|x86.ActiveCfg = Release|Any CPU
		{ED2B2232-6540-4DC3-B22F-60F4EEFC03F2}.Release|x86.Build.0 = Release|Any CPU
		{D1AB7D2A-6AA8-4F7D-9DF3-07E8071C7E66}.Debug|Any CPU.ActiveCfg = Debug|Any CPU
		{D1AB7D2A-6AA8-4F7D-9DF3-07E8071C7E66}.Debug|Any CPU.Build.0 = Debug|Any CPU
		{D1AB7D2A-6AA8-4F7D-9DF3-07E8071C7E66}.Debug|x64.ActiveCfg = Debug|Any CPU
		{D1AB7D2A-6AA8-4F7D-9DF3-07E8071C7E66}.Debug|x64.Build.0 = Debug|Any CPU
		{D1AB7D2A-6AA8-4F7D-9DF3-07E8071C7E66}.Debug|x86.ActiveCfg = Debug|Any CPU
		{D1AB7D2A-6AA8-4F7D-9DF3-07E8071C7E66}.Debug|x86.Build.0 = Debug|Any CPU
		{D1AB7D2A-6AA8-4F7D-9DF3-07E8071C7E66}.Release|Any CPU.ActiveCfg = Release|Any CPU
		{D1AB7D2A-6AA8-4F7D-9DF3-07E8071C7E66}.Release|Any CPU.Build.0 = Release|Any CPU
		{D1AB7D2A-6AA8-4F7D-9DF3-07E8071C7E66}.Release|x64.ActiveCfg = Release|Any CPU
		{D1AB7D2A-6AA8-4F7D-9DF3-07E8071C7E66}.Release|x64.Build.0 = Release|Any CPU
		{D1AB7D2A-6AA8-4F7D-9DF3-07E8071C7E66}.Release|x86.ActiveCfg = Release|Any CPU
		{D1AB7D2A-6AA8-4F7D-9DF3-07E8071C7E66}.Release|x86.Build.0 = Release|Any CPU
		{3FE47C00-9AF2-4E92-85A1-6EE36414DF60}.Debug|Any CPU.ActiveCfg = Debug|Any CPU
		{3FE47C00-9AF2-4E92-85A1-6EE36414DF60}.Debug|Any CPU.Build.0 = Debug|Any CPU
		{3FE47C00-9AF2-4E92-85A1-6EE36414DF60}.Debug|x64.ActiveCfg = Debug|Any CPU
		{3FE47C00-9AF2-4E92-85A1-6EE36414DF60}.Debug|x64.Build.0 = Debug|Any CPU
		{3FE47C00-9AF2-4E92-85A1-6EE36414DF60}.Debug|x86.ActiveCfg = Debug|Any CPU
		{3FE47C00-9AF2-4E92-85A1-6EE36414DF60}.Debug|x86.Build.0 = Debug|Any CPU
		{3FE47C00-9AF2-4E92-85A1-6EE36414DF60}.Release|Any CPU.ActiveCfg = Release|Any CPU
		{3FE47C00-9AF2-4E92-85A1-6EE36414DF60}.Release|Any CPU.Build.0 = Release|Any CPU
		{3FE47C00-9AF2-4E92-85A1-6EE36414DF60}.Release|x64.ActiveCfg = Release|Any CPU
		{3FE47C00-9AF2-4E92-85A1-6EE36414DF60}.Release|x64.Build.0 = Release|Any CPU
		{3FE47C00-9AF2-4E92-85A1-6EE36414DF60}.Release|x86.ActiveCfg = Release|Any CPU
		{3FE47C00-9AF2-4E92-85A1-6EE36414DF60}.Release|x86.Build.0 = Release|Any CPU
		{31DD62DF-AE75-49F4-B8C7-F5A2CF8D603A}.Debug|Any CPU.ActiveCfg = Debug|Any CPU
		{31DD62DF-AE75-49F4-B8C7-F5A2CF8D603A}.Debug|Any CPU.Build.0 = Debug|Any CPU
		{31DD62DF-AE75-49F4-B8C7-F5A2CF8D603A}.Debug|x64.ActiveCfg = Debug|Any CPU
		{31DD62DF-AE75-49F4-B8C7-F5A2CF8D603A}.Debug|x64.Build.0 = Debug|Any CPU
		{31DD62DF-AE75-49F4-B8C7-F5A2CF8D603A}.Debug|x86.ActiveCfg = Debug|Any CPU
		{31DD62DF-AE75-49F4-B8C7-F5A2CF8D603A}.Debug|x86.Build.0 = Debug|Any CPU
		{31DD62DF-AE75-49F4-B8C7-F5A2CF8D603A}.Release|Any CPU.ActiveCfg = Release|Any CPU
		{31DD62DF-AE75-49F4-B8C7-F5A2CF8D603A}.Release|Any CPU.Build.0 = Release|Any CPU
		{31DD62DF-AE75-49F4-B8C7-F5A2CF8D603A}.Release|x64.ActiveCfg = Release|Any CPU
		{31DD62DF-AE75-49F4-B8C7-F5A2CF8D603A}.Release|x64.Build.0 = Release|Any CPU
		{31DD62DF-AE75-49F4-B8C7-F5A2CF8D603A}.Release|x86.ActiveCfg = Release|Any CPU
		{31DD62DF-AE75-49F4-B8C7-F5A2CF8D603A}.Release|x86.Build.0 = Release|Any CPU
		{9DE3A0F2-5018-43FF-82A0-E0F4955DECC8}.Debug|Any CPU.ActiveCfg = Debug|Any CPU
		{9DE3A0F2-5018-43FF-82A0-E0F4955DECC8}.Debug|Any CPU.Build.0 = Debug|Any CPU
		{9DE3A0F2-5018-43FF-82A0-E0F4955DECC8}.Debug|x64.ActiveCfg = Debug|Any CPU
		{9DE3A0F2-5018-43FF-82A0-E0F4955DECC8}.Debug|x64.Build.0 = Debug|Any CPU
		{9DE3A0F2-5018-43FF-82A0-E0F4955DECC8}.Debug|x86.ActiveCfg = Debug|Any CPU
		{9DE3A0F2-5018-43FF-82A0-E0F4955DECC8}.Debug|x86.Build.0 = Debug|Any CPU
		{9DE3A0F2-5018-43FF-82A0-E0F4955DECC8}.Release|Any CPU.ActiveCfg = Release|Any CPU
		{9DE3A0F2-5018-43FF-82A0-E0F4955DECC8}.Release|Any CPU.Build.0 = Release|Any CPU
		{9DE3A0F2-5018-43FF-82A0-E0F4955DECC8}.Release|x64.ActiveCfg = Release|Any CPU
		{9DE3A0F2-5018-43FF-82A0-E0F4955DECC8}.Release|x64.Build.0 = Release|Any CPU
		{9DE3A0F2-5018-43FF-82A0-E0F4955DECC8}.Release|x86.ActiveCfg = Release|Any CPU
		{9DE3A0F2-5018-43FF-82A0-E0F4955DECC8}.Release|x86.Build.0 = Release|Any CPU
		{5236C2C2-7E19-4BE3-B926-0E78014338C8}.Debug|Any CPU.ActiveCfg = Debug|Any CPU
		{5236C2C2-7E19-4BE3-B926-0E78014338C8}.Debug|Any CPU.Build.0 = Debug|Any CPU
		{5236C2C2-7E19-4BE3-B926-0E78014338C8}.Debug|x64.ActiveCfg = Debug|Any CPU
		{5236C2C2-7E19-4BE3-B926-0E78014338C8}.Debug|x64.Build.0 = Debug|Any CPU
		{5236C2C2-7E19-4BE3-B926-0E78014338C8}.Debug|x86.ActiveCfg = Debug|Any CPU
		{5236C2C2-7E19-4BE3-B926-0E78014338C8}.Debug|x86.Build.0 = Debug|Any CPU
		{5236C2C2-7E19-4BE3-B926-0E78014338C8}.Release|Any CPU.ActiveCfg = Release|Any CPU
		{5236C2C2-7E19-4BE3-B926-0E78014338C8}.Release|Any CPU.Build.0 = Release|Any CPU
		{5236C2C2-7E19-4BE3-B926-0E78014338C8}.Release|x64.ActiveCfg = Release|Any CPU
		{5236C2C2-7E19-4BE3-B926-0E78014338C8}.Release|x64.Build.0 = Release|Any CPU
		{5236C2C2-7E19-4BE3-B926-0E78014338C8}.Release|x86.ActiveCfg = Release|Any CPU
		{5236C2C2-7E19-4BE3-B926-0E78014338C8}.Release|x86.Build.0 = Release|Any CPU
		{109AC523-E1AB-43FE-AB35-13197E3FC71F}.Debug|Any CPU.ActiveCfg = Debug|Any CPU
		{109AC523-E1AB-43FE-AB35-13197E3FC71F}.Debug|Any CPU.Build.0 = Debug|Any CPU
		{109AC523-E1AB-43FE-AB35-13197E3FC71F}.Debug|x64.ActiveCfg = Debug|Any CPU
		{109AC523-E1AB-43FE-AB35-13197E3FC71F}.Debug|x64.Build.0 = Debug|Any CPU
		{109AC523-E1AB-43FE-AB35-13197E3FC71F}.Debug|x86.ActiveCfg = Debug|Any CPU
		{109AC523-E1AB-43FE-AB35-13197E3FC71F}.Debug|x86.Build.0 = Debug|Any CPU
		{109AC523-E1AB-43FE-AB35-13197E3FC71F}.Release|Any CPU.ActiveCfg = Release|Any CPU
		{109AC523-E1AB-43FE-AB35-13197E3FC71F}.Release|Any CPU.Build.0 = Release|Any CPU
		{109AC523-E1AB-43FE-AB35-13197E3FC71F}.Release|x64.ActiveCfg = Release|Any CPU
		{109AC523-E1AB-43FE-AB35-13197E3FC71F}.Release|x64.Build.0 = Release|Any CPU
		{109AC523-E1AB-43FE-AB35-13197E3FC71F}.Release|x86.ActiveCfg = Release|Any CPU
		{109AC523-E1AB-43FE-AB35-13197E3FC71F}.Release|x86.Build.0 = Release|Any CPU
		{0107336A-E172-4ADB-931A-C513A3D6D253}.Debug|Any CPU.ActiveCfg = Debug|Any CPU
		{0107336A-E172-4ADB-931A-C513A3D6D253}.Debug|Any CPU.Build.0 = Debug|Any CPU
		{0107336A-E172-4ADB-931A-C513A3D6D253}.Debug|x64.ActiveCfg = Debug|Any CPU
		{0107336A-E172-4ADB-931A-C513A3D6D253}.Debug|x64.Build.0 = Debug|Any CPU
		{0107336A-E172-4ADB-931A-C513A3D6D253}.Debug|x86.ActiveCfg = Debug|Any CPU
		{0107336A-E172-4ADB-931A-C513A3D6D253}.Debug|x86.Build.0 = Debug|Any CPU
		{0107336A-E172-4ADB-931A-C513A3D6D253}.Release|Any CPU.ActiveCfg = Release|Any CPU
		{0107336A-E172-4ADB-931A-C513A3D6D253}.Release|Any CPU.Build.0 = Release|Any CPU
		{0107336A-E172-4ADB-931A-C513A3D6D253}.Release|x64.ActiveCfg = Release|Any CPU
		{0107336A-E172-4ADB-931A-C513A3D6D253}.Release|x64.Build.0 = Release|Any CPU
		{0107336A-E172-4ADB-931A-C513A3D6D253}.Release|x86.ActiveCfg = Release|Any CPU
		{0107336A-E172-4ADB-931A-C513A3D6D253}.Release|x86.Build.0 = Release|Any CPU
		{D8994E03-05A2-443E-836F-E02BE5BC97B0}.Debug|Any CPU.ActiveCfg = Debug|Any CPU
		{D8994E03-05A2-443E-836F-E02BE5BC97B0}.Debug|Any CPU.Build.0 = Debug|Any CPU
		{D8994E03-05A2-443E-836F-E02BE5BC97B0}.Debug|x64.ActiveCfg = Debug|Any CPU
		{D8994E03-05A2-443E-836F-E02BE5BC97B0}.Debug|x64.Build.0 = Debug|Any CPU
		{D8994E03-05A2-443E-836F-E02BE5BC97B0}.Debug|x86.ActiveCfg = Debug|Any CPU
		{D8994E03-05A2-443E-836F-E02BE5BC97B0}.Debug|x86.Build.0 = Debug|Any CPU
		{D8994E03-05A2-443E-836F-E02BE5BC97B0}.Release|Any CPU.ActiveCfg = Release|Any CPU
		{D8994E03-05A2-443E-836F-E02BE5BC97B0}.Release|Any CPU.Build.0 = Release|Any CPU
		{D8994E03-05A2-443E-836F-E02BE5BC97B0}.Release|x64.ActiveCfg = Release|Any CPU
		{D8994E03-05A2-443E-836F-E02BE5BC97B0}.Release|x64.Build.0 = Release|Any CPU
		{D8994E03-05A2-443E-836F-E02BE5BC97B0}.Release|x86.ActiveCfg = Release|Any CPU
		{D8994E03-05A2-443E-836F-E02BE5BC97B0}.Release|x86.Build.0 = Release|Any CPU
		{DF10F57B-D134-4191-8FE4-CF129AF8AD06}.Debug|Any CPU.ActiveCfg = Debug|Any CPU
		{DF10F57B-D134-4191-8FE4-CF129AF8AD06}.Debug|Any CPU.Build.0 = Debug|Any CPU
		{DF10F57B-D134-4191-8FE4-CF129AF8AD06}.Debug|x64.ActiveCfg = Debug|Any CPU
		{DF10F57B-D134-4191-8FE4-CF129AF8AD06}.Debug|x64.Build.0 = Debug|Any CPU
		{DF10F57B-D134-4191-8FE4-CF129AF8AD06}.Debug|x86.ActiveCfg = Debug|Any CPU
		{DF10F57B-D134-4191-8FE4-CF129AF8AD06}.Debug|x86.Build.0 = Debug|Any CPU
		{DF10F57B-D134-4191-8FE4-CF129AF8AD06}.Release|Any CPU.ActiveCfg = Release|Any CPU
		{DF10F57B-D134-4191-8FE4-CF129AF8AD06}.Release|Any CPU.Build.0 = Release|Any CPU
		{DF10F57B-D134-4191-8FE4-CF129AF8AD06}.Release|x64.ActiveCfg = Release|Any CPU
		{DF10F57B-D134-4191-8FE4-CF129AF8AD06}.Release|x64.Build.0 = Release|Any CPU
		{DF10F57B-D134-4191-8FE4-CF129AF8AD06}.Release|x86.ActiveCfg = Release|Any CPU
		{DF10F57B-D134-4191-8FE4-CF129AF8AD06}.Release|x86.Build.0 = Release|Any CPU
		{31693A26-3F26-43B2-ABC8-39E6838E5A11}.Debug|Any CPU.ActiveCfg = Debug|Any CPU
		{31693A26-3F26-43B2-ABC8-39E6838E5A11}.Debug|Any CPU.Build.0 = Debug|Any CPU
		{31693A26-3F26-43B2-ABC8-39E6838E5A11}.Debug|x64.ActiveCfg = Debug|Any CPU
		{31693A26-3F26-43B2-ABC8-39E6838E5A11}.Debug|x64.Build.0 = Debug|Any CPU
		{31693A26-3F26-43B2-ABC8-39E6838E5A11}.Debug|x86.ActiveCfg = Debug|Any CPU
		{31693A26-3F26-43B2-ABC8-39E6838E5A11}.Debug|x86.Build.0 = Debug|Any CPU
		{31693A26-3F26-43B2-ABC8-39E6838E5A11}.Release|Any CPU.ActiveCfg = Release|Any CPU
		{31693A26-3F26-43B2-ABC8-39E6838E5A11}.Release|Any CPU.Build.0 = Release|Any CPU
		{31693A26-3F26-43B2-ABC8-39E6838E5A11}.Release|x64.ActiveCfg = Release|Any CPU
		{31693A26-3F26-43B2-ABC8-39E6838E5A11}.Release|x64.Build.0 = Release|Any CPU
		{31693A26-3F26-43B2-ABC8-39E6838E5A11}.Release|x86.ActiveCfg = Release|Any CPU
		{31693A26-3F26-43B2-ABC8-39E6838E5A11}.Release|x86.Build.0 = Release|Any CPU
		{E79C5999-9218-41D7-AFAE-887671B0A2A1}.Debug|Any CPU.ActiveCfg = Debug|Any CPU
		{E79C5999-9218-41D7-AFAE-887671B0A2A1}.Debug|Any CPU.Build.0 = Debug|Any CPU
		{E79C5999-9218-41D7-AFAE-887671B0A2A1}.Debug|x64.ActiveCfg = Debug|Any CPU
		{E79C5999-9218-41D7-AFAE-887671B0A2A1}.Debug|x64.Build.0 = Debug|Any CPU
		{E79C5999-9218-41D7-AFAE-887671B0A2A1}.Debug|x86.ActiveCfg = Debug|Any CPU
		{E79C5999-9218-41D7-AFAE-887671B0A2A1}.Debug|x86.Build.0 = Debug|Any CPU
		{E79C5999-9218-41D7-AFAE-887671B0A2A1}.Release|Any CPU.ActiveCfg = Release|Any CPU
		{E79C5999-9218-41D7-AFAE-887671B0A2A1}.Release|Any CPU.Build.0 = Release|Any CPU
		{E79C5999-9218-41D7-AFAE-887671B0A2A1}.Release|x64.ActiveCfg = Release|Any CPU
		{E79C5999-9218-41D7-AFAE-887671B0A2A1}.Release|x64.Build.0 = Release|Any CPU
		{E79C5999-9218-41D7-AFAE-887671B0A2A1}.Release|x86.ActiveCfg = Release|Any CPU
		{E79C5999-9218-41D7-AFAE-887671B0A2A1}.Release|x86.Build.0 = Release|Any CPU
		{9E7348BF-D855-4650-9A11-AB0B1D045D95}.Debug|Any CPU.ActiveCfg = Debug|Any CPU
		{9E7348BF-D855-4650-9A11-AB0B1D045D95}.Debug|Any CPU.Build.0 = Debug|Any CPU
		{9E7348BF-D855-4650-9A11-AB0B1D045D95}.Debug|x64.ActiveCfg = Debug|Any CPU
		{9E7348BF-D855-4650-9A11-AB0B1D045D95}.Debug|x64.Build.0 = Debug|Any CPU
		{9E7348BF-D855-4650-9A11-AB0B1D045D95}.Debug|x86.ActiveCfg = Debug|Any CPU
		{9E7348BF-D855-4650-9A11-AB0B1D045D95}.Debug|x86.Build.0 = Debug|Any CPU
		{9E7348BF-D855-4650-9A11-AB0B1D045D95}.Release|Any CPU.ActiveCfg = Release|Any CPU
		{9E7348BF-D855-4650-9A11-AB0B1D045D95}.Release|Any CPU.Build.0 = Release|Any CPU
		{9E7348BF-D855-4650-9A11-AB0B1D045D95}.Release|x64.ActiveCfg = Release|Any CPU
		{9E7348BF-D855-4650-9A11-AB0B1D045D95}.Release|x64.Build.0 = Release|Any CPU
		{9E7348BF-D855-4650-9A11-AB0B1D045D95}.Release|x86.ActiveCfg = Release|Any CPU
		{9E7348BF-D855-4650-9A11-AB0B1D045D95}.Release|x86.Build.0 = Release|Any CPU
		{EB081EAB-7D52-4F26-B727-3F7C75D67857}.Debug|Any CPU.ActiveCfg = Debug|Any CPU
		{EB081EAB-7D52-4F26-B727-3F7C75D67857}.Debug|Any CPU.Build.0 = Debug|Any CPU
		{EB081EAB-7D52-4F26-B727-3F7C75D67857}.Debug|x64.ActiveCfg = Debug|Any CPU
		{EB081EAB-7D52-4F26-B727-3F7C75D67857}.Debug|x64.Build.0 = Debug|Any CPU
		{EB081EAB-7D52-4F26-B727-3F7C75D67857}.Debug|x86.ActiveCfg = Debug|Any CPU
		{EB081EAB-7D52-4F26-B727-3F7C75D67857}.Debug|x86.Build.0 = Debug|Any CPU
		{EB081EAB-7D52-4F26-B727-3F7C75D67857}.Release|Any CPU.ActiveCfg = Release|Any CPU
		{EB081EAB-7D52-4F26-B727-3F7C75D67857}.Release|Any CPU.Build.0 = Release|Any CPU
		{EB081EAB-7D52-4F26-B727-3F7C75D67857}.Release|x64.ActiveCfg = Release|Any CPU
		{EB081EAB-7D52-4F26-B727-3F7C75D67857}.Release|x64.Build.0 = Release|Any CPU
		{EB081EAB-7D52-4F26-B727-3F7C75D67857}.Release|x86.ActiveCfg = Release|Any CPU
		{EB081EAB-7D52-4F26-B727-3F7C75D67857}.Release|x86.Build.0 = Release|Any CPU
		{BBB333EC-4798-41D8-B385-29C984BB4645}.Debug|Any CPU.ActiveCfg = Debug|Any CPU
		{BBB333EC-4798-41D8-B385-29C984BB4645}.Debug|Any CPU.Build.0 = Debug|Any CPU
		{BBB333EC-4798-41D8-B385-29C984BB4645}.Debug|x64.ActiveCfg = Debug|Any CPU
		{BBB333EC-4798-41D8-B385-29C984BB4645}.Debug|x64.Build.0 = Debug|Any CPU
		{BBB333EC-4798-41D8-B385-29C984BB4645}.Debug|x86.ActiveCfg = Debug|Any CPU
		{BBB333EC-4798-41D8-B385-29C984BB4645}.Debug|x86.Build.0 = Debug|Any CPU
		{BBB333EC-4798-41D8-B385-29C984BB4645}.Release|Any CPU.ActiveCfg = Release|Any CPU
		{BBB333EC-4798-41D8-B385-29C984BB4645}.Release|Any CPU.Build.0 = Release|Any CPU
		{BBB333EC-4798-41D8-B385-29C984BB4645}.Release|x64.ActiveCfg = Release|Any CPU
		{BBB333EC-4798-41D8-B385-29C984BB4645}.Release|x64.Build.0 = Release|Any CPU
		{BBB333EC-4798-41D8-B385-29C984BB4645}.Release|x86.ActiveCfg = Release|Any CPU
		{BBB333EC-4798-41D8-B385-29C984BB4645}.Release|x86.Build.0 = Release|Any CPU
		{E921B7FA-3FE1-4ED7-BBA3-8E513249A625}.Debug|Any CPU.ActiveCfg = Debug|Any CPU
		{E921B7FA-3FE1-4ED7-BBA3-8E513249A625}.Debug|Any CPU.Build.0 = Debug|Any CPU
		{E921B7FA-3FE1-4ED7-BBA3-8E513249A625}.Debug|x64.ActiveCfg = Debug|Any CPU
		{E921B7FA-3FE1-4ED7-BBA3-8E513249A625}.Debug|x64.Build.0 = Debug|Any CPU
		{E921B7FA-3FE1-4ED7-BBA3-8E513249A625}.Debug|x86.ActiveCfg = Debug|Any CPU
		{E921B7FA-3FE1-4ED7-BBA3-8E513249A625}.Debug|x86.Build.0 = Debug|Any CPU
		{E921B7FA-3FE1-4ED7-BBA3-8E513249A625}.Release|Any CPU.ActiveCfg = Release|Any CPU
		{E921B7FA-3FE1-4ED7-BBA3-8E513249A625}.Release|Any CPU.Build.0 = Release|Any CPU
		{E921B7FA-3FE1-4ED7-BBA3-8E513249A625}.Release|x64.ActiveCfg = Release|Any CPU
		{E921B7FA-3FE1-4ED7-BBA3-8E513249A625}.Release|x64.Build.0 = Release|Any CPU
		{E921B7FA-3FE1-4ED7-BBA3-8E513249A625}.Release|x86.ActiveCfg = Release|Any CPU
		{E921B7FA-3FE1-4ED7-BBA3-8E513249A625}.Release|x86.Build.0 = Release|Any CPU
		{86D1652F-955C-4307-ADAD-4F5F44D3D77E}.Debug|Any CPU.ActiveCfg = Debug|Any CPU
		{86D1652F-955C-4307-ADAD-4F5F44D3D77E}.Debug|Any CPU.Build.0 = Debug|Any CPU
		{86D1652F-955C-4307-ADAD-4F5F44D3D77E}.Debug|x64.ActiveCfg = Debug|Any CPU
		{86D1652F-955C-4307-ADAD-4F5F44D3D77E}.Debug|x64.Build.0 = Debug|Any CPU
		{86D1652F-955C-4307-ADAD-4F5F44D3D77E}.Debug|x86.ActiveCfg = Debug|Any CPU
		{86D1652F-955C-4307-ADAD-4F5F44D3D77E}.Debug|x86.Build.0 = Debug|Any CPU
		{86D1652F-955C-4307-ADAD-4F5F44D3D77E}.Release|Any CPU.ActiveCfg = Release|Any CPU
		{86D1652F-955C-4307-ADAD-4F5F44D3D77E}.Release|Any CPU.Build.0 = Release|Any CPU
		{86D1652F-955C-4307-ADAD-4F5F44D3D77E}.Release|x64.ActiveCfg = Release|Any CPU
		{86D1652F-955C-4307-ADAD-4F5F44D3D77E}.Release|x64.Build.0 = Release|Any CPU
		{86D1652F-955C-4307-ADAD-4F5F44D3D77E}.Release|x86.ActiveCfg = Release|Any CPU
		{86D1652F-955C-4307-ADAD-4F5F44D3D77E}.Release|x86.Build.0 = Release|Any CPU
		{55E3B8BE-576E-44EF-9928-4CAF194AB270}.Debug|Any CPU.ActiveCfg = Debug|Any CPU
		{55E3B8BE-576E-44EF-9928-4CAF194AB270}.Debug|Any CPU.Build.0 = Debug|Any CPU
		{55E3B8BE-576E-44EF-9928-4CAF194AB270}.Debug|x64.ActiveCfg = Debug|Any CPU
		{55E3B8BE-576E-44EF-9928-4CAF194AB270}.Debug|x64.Build.0 = Debug|Any CPU
		{55E3B8BE-576E-44EF-9928-4CAF194AB270}.Debug|x86.ActiveCfg = Debug|Any CPU
		{55E3B8BE-576E-44EF-9928-4CAF194AB270}.Debug|x86.Build.0 = Debug|Any CPU
		{55E3B8BE-576E-44EF-9928-4CAF194AB270}.Release|Any CPU.ActiveCfg = Release|Any CPU
		{55E3B8BE-576E-44EF-9928-4CAF194AB270}.Release|Any CPU.Build.0 = Release|Any CPU
		{55E3B8BE-576E-44EF-9928-4CAF194AB270}.Release|x64.ActiveCfg = Release|Any CPU
		{55E3B8BE-576E-44EF-9928-4CAF194AB270}.Release|x64.Build.0 = Release|Any CPU
		{55E3B8BE-576E-44EF-9928-4CAF194AB270}.Release|x86.ActiveCfg = Release|Any CPU
		{55E3B8BE-576E-44EF-9928-4CAF194AB270}.Release|x86.Build.0 = Release|Any CPU
		{6B6416F2-6137-4ACE-AD72-263362B3EE5B}.Debug|Any CPU.ActiveCfg = Debug|Any CPU
		{6B6416F2-6137-4ACE-AD72-263362B3EE5B}.Debug|Any CPU.Build.0 = Debug|Any CPU
		{6B6416F2-6137-4ACE-AD72-263362B3EE5B}.Debug|x64.ActiveCfg = Debug|Any CPU
		{6B6416F2-6137-4ACE-AD72-263362B3EE5B}.Debug|x64.Build.0 = Debug|Any CPU
		{6B6416F2-6137-4ACE-AD72-263362B3EE5B}.Debug|x86.ActiveCfg = Debug|Any CPU
		{6B6416F2-6137-4ACE-AD72-263362B3EE5B}.Debug|x86.Build.0 = Debug|Any CPU
		{6B6416F2-6137-4ACE-AD72-263362B3EE5B}.Release|Any CPU.ActiveCfg = Release|Any CPU
		{6B6416F2-6137-4ACE-AD72-263362B3EE5B}.Release|Any CPU.Build.0 = Release|Any CPU
		{6B6416F2-6137-4ACE-AD72-263362B3EE5B}.Release|x64.ActiveCfg = Release|Any CPU
		{6B6416F2-6137-4ACE-AD72-263362B3EE5B}.Release|x64.Build.0 = Release|Any CPU
		{6B6416F2-6137-4ACE-AD72-263362B3EE5B}.Release|x86.ActiveCfg = Release|Any CPU
		{6B6416F2-6137-4ACE-AD72-263362B3EE5B}.Release|x86.Build.0 = Release|Any CPU
		{1F7AAEE4-458B-48E9-BA6B-6A9EBA77D566}.Debug|Any CPU.ActiveCfg = Debug|Any CPU
		{1F7AAEE4-458B-48E9-BA6B-6A9EBA77D566}.Debug|Any CPU.Build.0 = Debug|Any CPU
		{1F7AAEE4-458B-48E9-BA6B-6A9EBA77D566}.Debug|x64.ActiveCfg = Debug|Any CPU
		{1F7AAEE4-458B-48E9-BA6B-6A9EBA77D566}.Debug|x64.Build.0 = Debug|Any CPU
		{1F7AAEE4-458B-48E9-BA6B-6A9EBA77D566}.Debug|x86.ActiveCfg = Debug|Any CPU
		{1F7AAEE4-458B-48E9-BA6B-6A9EBA77D566}.Debug|x86.Build.0 = Debug|Any CPU
		{1F7AAEE4-458B-48E9-BA6B-6A9EBA77D566}.Release|Any CPU.ActiveCfg = Release|Any CPU
		{1F7AAEE4-458B-48E9-BA6B-6A9EBA77D566}.Release|Any CPU.Build.0 = Release|Any CPU
		{1F7AAEE4-458B-48E9-BA6B-6A9EBA77D566}.Release|x64.ActiveCfg = Release|Any CPU
		{1F7AAEE4-458B-48E9-BA6B-6A9EBA77D566}.Release|x64.Build.0 = Release|Any CPU
		{1F7AAEE4-458B-48E9-BA6B-6A9EBA77D566}.Release|x86.ActiveCfg = Release|Any CPU
		{1F7AAEE4-458B-48E9-BA6B-6A9EBA77D566}.Release|x86.Build.0 = Release|Any CPU
	EndGlobalSection
	GlobalSection(SolutionProperties) = preSolution
		HideSolutionNode = FALSE
	EndGlobalSection
	GlobalSection(NestedProjects) = preSolution
		{81034408-37C8-1011-444E-4C15C2FADA8E} = {827E0CD3-B72D-47B6-A68D-7590B98EB39B}
		{37FD43BD-FAC9-4C72-9D23-AE63E3A5E1FE} = {81034408-37C8-1011-444E-4C15C2FADA8E}
		{BFF2DF6E-AA54-47C7-211F-79ACCBB4577C} = {827E0CD3-B72D-47B6-A68D-7590B98EB39B}
		{6A0986FF-A2CD-4A6C-B950-DD5B8F892AB7} = {BFF2DF6E-AA54-47C7-211F-79ACCBB4577C}
		{B330A83A-056D-4CC3-A42E-F3BA25CEDA0E} = {BFF2DF6E-AA54-47C7-211F-79ACCBB4577C}
		{EE6DDF8A-8EBA-4616-8F9F-3CD11848FAF1} = {BFF2DF6E-AA54-47C7-211F-79ACCBB4577C}
		{8B0EC09C-CEE2-4EB0-9832-79F6365D9208} = {BFF2DF6E-AA54-47C7-211F-79ACCBB4577C}
		{EC447DCF-ABFA-6E24-52A5-D7FD48A5C558} = {827E0CD3-B72D-47B6-A68D-7590B98EB39B}
		{65AE5128-DD64-FC8F-0D92-B238F0C5FE5B} = {EC447DCF-ABFA-6E24-52A5-D7FD48A5C558}
		{88861F2D-F940-4909-833C-B2F8E3AF4308} = {65AE5128-DD64-FC8F-0D92-B238F0C5FE5B}
		{F8C66214-885E-4AAA-AB1D-3225A5BDEFC0} = {65AE5128-DD64-FC8F-0D92-B238F0C5FE5B}
		{B181D8CD-38AD-4559-B73E-C9C44233F2BB} = {65AE5128-DD64-FC8F-0D92-B238F0C5FE5B}
		{33E2C5FF-C4CB-447A-94DC-C599C305899D} = {65AE5128-DD64-FC8F-0D92-B238F0C5FE5B}
		{2FBA53D7-4AC4-4AB3-8EEF-FD2E63CABB22} = {65AE5128-DD64-FC8F-0D92-B238F0C5FE5B}
		{0EC62A1A-9858-3A60-8A0C-FC9AACFA2EC7} = {EC447DCF-ABFA-6E24-52A5-D7FD48A5C558}
		{ACCDED8E-9BB5-4197-884A-B31120CE2E1E} = {0EC62A1A-9858-3A60-8A0C-FC9AACFA2EC7}
		{7A57C360-EE5F-44C3-8285-D981E621AF75} = {0EC62A1A-9858-3A60-8A0C-FC9AACFA2EC7}
		{7BDAEC25-07D8-44C3-9223-6849AA43BD62} = {0EC62A1A-9858-3A60-8A0C-FC9AACFA2EC7}
		{6E28AE1A-966B-4391-874D-DB5B8DB0D241} = {0EC62A1A-9858-3A60-8A0C-FC9AACFA2EC7}
		{E08457D1-1611-470F-B185-292932817D83} = {0EC62A1A-9858-3A60-8A0C-FC9AACFA2EC7}
		{F76A4D96-877B-5F50-AF00-5E9467FFFDF0} = {EC447DCF-ABFA-6E24-52A5-D7FD48A5C558}
		{5568AC07-361F-4406-80FF-34F8745D16A3} = {F76A4D96-877B-5F50-AF00-5E9467FFFDF0}
		{9BF1B04E-21FF-411A-A071-768CE71EBA05} = {F76A4D96-877B-5F50-AF00-5E9467FFFDF0}
		{EC58476B-9AC0-4D3A-A154-5336FE33C7FE} = {F76A4D96-877B-5F50-AF00-5E9467FFFDF0}
		{3FF3F749-01A7-41D5-A5A3-7367D7700B59} = {F76A4D96-877B-5F50-AF00-5E9467FFFDF0}
		{7589E40F-1E28-4D45-BCEF-9877371B7D50} = {F76A4D96-877B-5F50-AF00-5E9467FFFDF0}
		{24CA4073-2A0C-41A6-A03D-05677DA3B8FE} = {2A1797D9-7193-4945-BCED-454D3ED2FF83}
		{BF721963-C2CE-4539-936B-9B9AB8DCED9E} = {EC447DCF-ABFA-6E24-52A5-D7FD48A5C558}
		{344FFD3C-6339-4402-9C89-BF39FBABE81C} = {BF721963-C2CE-4539-936B-9B9AB8DCED9E}
		{AFD5E2A9-DB1D-4729-AC9F-456C2B510131} = {BF721963-C2CE-4539-936B-9B9AB8DCED9E}
		{BB67F0EE-2659-4A5B-B760-7AAF3E844C58} = {BF721963-C2CE-4539-936B-9B9AB8DCED9E}
		{A62D9E36-16E2-4AA7-AA52-84C3EA295A47} = {BF721963-C2CE-4539-936B-9B9AB8DCED9E}
		{A79742B5-86E7-43D1-982F-A313F45EE104} = {BF721963-C2CE-4539-936B-9B9AB8DCED9E}
		{D5C671D6-D826-46AA-9B7D-63ECEA32CD19} = {EC447DCF-ABFA-6E24-52A5-D7FD48A5C558}
		{3623BB3C-3309-4005-9B8A-F1ACA7E2AD6C} = {D5C671D6-D826-46AA-9B7D-63ECEA32CD19}
		{514BE6B3-8421-4B27-8BF8-87189EA6C827} = {D5C671D6-D826-46AA-9B7D-63ECEA32CD19}
		{AEA64647-4CAA-4823-AC10-9D092F5A69D0} = {D5C671D6-D826-46AA-9B7D-63ECEA32CD19}
		{14CC5A89-1486-41D1-ABFC-EC0FBAFFE479} = {D5C671D6-D826-46AA-9B7D-63ECEA32CD19}
		{60568966-DF57-4DC0-8D1D-78BC8529AD56} = {D5C671D6-D826-46AA-9B7D-63ECEA32CD19}
		{8D017705-94F5-4565-B0C0-84074FEC4E70} = {EC447DCF-ABFA-6E24-52A5-D7FD48A5C558}
		{0F9F3514-4DD6-4B75-BC7E-26F7A7BA4C23} = {8D017705-94F5-4565-B0C0-84074FEC4E70}
		{7338FB1A-ED9B-4E92-9721-7127EEE54137} = {8D017705-94F5-4565-B0C0-84074FEC4E70}
		{07959B9F-8AF3-4048-849E-D44BA20C7D78} = {8D017705-94F5-4565-B0C0-84074FEC4E70}
		{0836B7B1-EB88-4826-AA87-647E07985923} = {8D017705-94F5-4565-B0C0-84074FEC4E70}
		{34CE8DE6-72C6-467D-919A-2BA7D814CF41} = {8D017705-94F5-4565-B0C0-84074FEC4E70}
		{5C20ADE4-4114-4340-B485-01A3ADE13586} = {EC447DCF-ABFA-6E24-52A5-D7FD48A5C558}
		{064FB904-23A9-4A02-9B90-FD44617B2853} = {5C20ADE4-4114-4340-B485-01A3ADE13586}
		{DC862A2A-D65B-4A24-84EA-2E9372362A1E} = {5C20ADE4-4114-4340-B485-01A3ADE13586}
		{B5A7B66C-967E-4EA4-BF16-BBF97F01C345} = {5C20ADE4-4114-4340-B485-01A3ADE13586}
		{CA370C94-0C27-4745-992D-9BC878D816E3} = {5C20ADE4-4114-4340-B485-01A3ADE13586}
		{51484685-4001-4B07-8E9D-F277F9970828} = {5C20ADE4-4114-4340-B485-01A3ADE13586}
		{E90217FE-300B-4243-BCA0-B772683380F0} = {EC447DCF-ABFA-6E24-52A5-D7FD48A5C558}
		{ED2B2232-6540-4DC3-B22F-60F4EEFC03F2} = {E90217FE-300B-4243-BCA0-B772683380F0}
		{D1AB7D2A-6AA8-4F7D-9DF3-07E8071C7E66} = {E90217FE-300B-4243-BCA0-B772683380F0}
		{3FE47C00-9AF2-4E92-85A1-6EE36414DF60} = {E90217FE-300B-4243-BCA0-B772683380F0}
		{31DD62DF-AE75-49F4-B8C7-F5A2CF8D603A} = {E90217FE-300B-4243-BCA0-B772683380F0}
		{9DE3A0F2-5018-43FF-82A0-E0F4955DECC8} = {E90217FE-300B-4243-BCA0-B772683380F0}
		{501E805E-5E48-41FD-A969-4F16D8D70060} = {EC447DCF-ABFA-6E24-52A5-D7FD48A5C558}
		{5236C2C2-7E19-4BE3-B926-0E78014338C8} = {501E805E-5E48-41FD-A969-4F16D8D70060}
		{109AC523-E1AB-43FE-AB35-13197E3FC71F} = {501E805E-5E48-41FD-A969-4F16D8D70060}
		{0107336A-E172-4ADB-931A-C513A3D6D253} = {501E805E-5E48-41FD-A969-4F16D8D70060}
		{D8994E03-05A2-443E-836F-E02BE5BC97B0} = {501E805E-5E48-41FD-A969-4F16D8D70060}
		{DF10F57B-D134-4191-8FE4-CF129AF8AD06} = {501E805E-5E48-41FD-A969-4F16D8D70060}
		{C1547435-970B-4E4F-8044-E0CFEED75C18} = {EC447DCF-ABFA-6E24-52A5-D7FD48A5C558}
		{31693A26-3F26-43B2-ABC8-39E6838E5A11} = {C1547435-970B-4E4F-8044-E0CFEED75C18}
		{E79C5999-9218-41D7-AFAE-887671B0A2A1} = {C1547435-970B-4E4F-8044-E0CFEED75C18}
		{9E7348BF-D855-4650-9A11-AB0B1D045D95} = {C1547435-970B-4E4F-8044-E0CFEED75C18}
		{EB081EAB-7D52-4F26-B727-3F7C75D67857} = {C1547435-970B-4E4F-8044-E0CFEED75C18}
		{BBB333EC-4798-41D8-B385-29C984BB4645} = {C1547435-970B-4E4F-8044-E0CFEED75C18}
		{6289E050-6464-48E4-85B2-23325D92BF17} = {EC447DCF-ABFA-6E24-52A5-D7FD48A5C558}
		{E921B7FA-3FE1-4ED7-BBA3-8E513249A625} = {6289E050-6464-48E4-85B2-23325D92BF17}
		{86D1652F-955C-4307-ADAD-4F5F44D3D77E} = {6289E050-6464-48E4-85B2-23325D92BF17}
		{55E3B8BE-576E-44EF-9928-4CAF194AB270} = {6289E050-6464-48E4-85B2-23325D92BF17}
		{6B6416F2-6137-4ACE-AD72-263362B3EE5B} = {6289E050-6464-48E4-85B2-23325D92BF17}
		{1F7AAEE4-458B-48E9-BA6B-6A9EBA77D566} = {6289E050-6464-48E4-85B2-23325D92BF17}
	EndGlobalSection
EndGlobal
